// !$*UTF8*$!
{
	archiveVersion = 1;
	classes = {
	};
	objectVersion = 50;
	objects = {

/* Begin PBXBuildFile section */
		3C9CD1CB2457F87800C2C1E2 /* AppDelegate.swift in Sources */ = {isa = PBXBuildFile; fileRef = 3C9CD1CA2457F87800C2C1E2 /* AppDelegate.swift */; };
		3C9CD1CD2457F87800C2C1E2 /* SceneDelegate.swift in Sources */ = {isa = PBXBuildFile; fileRef = 3C9CD1CC2457F87800C2C1E2 /* SceneDelegate.swift */; };
		3C9CD1CF2457F87800C2C1E2 /* ViewController.swift in Sources */ = {isa = PBXBuildFile; fileRef = 3C9CD1CE2457F87800C2C1E2 /* ViewController.swift */; };
		3C9CD1D22457F87800C2C1E2 /* Main.storyboard in Resources */ = {isa = PBXBuildFile; fileRef = 3C9CD1D02457F87800C2C1E2 /* Main.storyboard */; };
		3C9CD1D42457F88100C2C1E2 /* Assets.xcassets in Resources */ = {isa = PBXBuildFile; fileRef = 3C9CD1D32457F88100C2C1E2 /* Assets.xcassets */; };
		3C9CD1D72457F88100C2C1E2 /* LaunchScreen.storyboard in Resources */ = {isa = PBXBuildFile; fileRef = 3C9CD1D52457F88100C2C1E2 /* LaunchScreen.storyboard */; };
		3C9CD1E22457F88100C2C1E2 /* locationTests.swift in Sources */ = {isa = PBXBuildFile; fileRef = 3C9CD1E12457F88100C2C1E2 /* locationTests.swift */; };
		3C9CD1ED2457F88100C2C1E2 /* locationUITests.swift in Sources */ = {isa = PBXBuildFile; fileRef = 3C9CD1EC2457F88100C2C1E2 /* locationUITests.swift */; };
		3CDB96B62460CF13005CBAE9 /* webViewController.swift in Sources */ = {isa = PBXBuildFile; fileRef = 3CDB96B52460CF13005CBAE9 /* webViewController.swift */; };
/* End PBXBuildFile section */

/* Begin PBXContainerItemProxy section */
		3C9CD1DE2457F88100C2C1E2 /* PBXContainerItemProxy */ = {
			isa = PBXContainerItemProxy;
			containerPortal = 3C9CD1BF2457F87800C2C1E2 /* Project object */;
			proxyType = 1;
			remoteGlobalIDString = 3C9CD1C62457F87800C2C1E2;
			remoteInfo = location;
		};
		3C9CD1E92457F88100C2C1E2 /* PBXContainerItemProxy */ = {
			isa = PBXContainerItemProxy;
			containerPortal = 3C9CD1BF2457F87800C2C1E2 /* Project object */;
			proxyType = 1;
			remoteGlobalIDString = 3C9CD1C62457F87800C2C1E2;
			remoteInfo = location;
		};
/* End PBXContainerItemProxy section */

/* Begin PBXFileReference section */
		3C9CD1C72457F87800C2C1E2 /* location.app */ = {isa = PBXFileReference; explicitFileType = wrapper.application; includeInIndex = 0; path = location.app; sourceTree = BUILT_PRODUCTS_DIR; };
		3C9CD1CA2457F87800C2C1E2 /* AppDelegate.swift */ = {isa = PBXFileReference; lastKnownFileType = sourcecode.swift; path = AppDelegate.swift; sourceTree = "<group>"; };
		3C9CD1CC2457F87800C2C1E2 /* SceneDelegate.swift */ = {isa = PBXFileReference; lastKnownFileType = sourcecode.swift; path = SceneDelegate.swift; sourceTree = "<group>"; };
		3C9CD1CE2457F87800C2C1E2 /* ViewController.swift */ = {isa = PBXFileReference; lastKnownFileType = sourcecode.swift; path = ViewController.swift; sourceTree = "<group>"; };
		3C9CD1D12457F87800C2C1E2 /* Base */ = {isa = PBXFileReference; lastKnownFileType = file.storyboard; name = Base; path = Base.lproj/Main.storyboard; sourceTree = "<group>"; };
		3C9CD1D32457F88100C2C1E2 /* Assets.xcassets */ = {isa = PBXFileReference; lastKnownFileType = folder.assetcatalog; path = Assets.xcassets; sourceTree = "<group>"; };
		3C9CD1D62457F88100C2C1E2 /* Base */ = {isa = PBXFileReference; lastKnownFileType = file.storyboard; name = Base; path = Base.lproj/LaunchScreen.storyboard; sourceTree = "<group>"; };
		3C9CD1D82457F88100C2C1E2 /* Info.plist */ = {isa = PBXFileReference; lastKnownFileType = text.plist.xml; path = Info.plist; sourceTree = "<group>"; };
		3C9CD1DD2457F88100C2C1E2 /* locationTests.xctest */ = {isa = PBXFileReference; explicitFileType = wrapper.cfbundle; includeInIndex = 0; path = locationTests.xctest; sourceTree = BUILT_PRODUCTS_DIR; };
		3C9CD1E12457F88100C2C1E2 /* locationTests.swift */ = {isa = PBXFileReference; lastKnownFileType = sourcecode.swift; path = locationTests.swift; sourceTree = "<group>"; };
		3C9CD1E32457F88100C2C1E2 /* Info.plist */ = {isa = PBXFileReference; lastKnownFileType = text.plist.xml; path = Info.plist; sourceTree = "<group>"; };
		3C9CD1E82457F88100C2C1E2 /* locationUITests.xctest */ = {isa = PBXFileReference; explicitFileType = wrapper.cfbundle; includeInIndex = 0; path = locationUITests.xctest; sourceTree = BUILT_PRODUCTS_DIR; };
		3C9CD1EC2457F88100C2C1E2 /* locationUITests.swift */ = {isa = PBXFileReference; lastKnownFileType = sourcecode.swift; path = locationUITests.swift; sourceTree = "<group>"; };
		3C9CD1EE2457F88100C2C1E2 /* Info.plist */ = {isa = PBXFileReference; lastKnownFileType = text.plist.xml; path = Info.plist; sourceTree = "<group>"; };
		3CDB96B52460CF13005CBAE9 /* webViewController.swift */ = {isa = PBXFileReference; lastKnownFileType = sourcecode.swift; path = webViewController.swift; sourceTree = "<group>"; };
/* End PBXFileReference section */

/* Begin PBXFrameworksBuildPhase section */
		3C9CD1C42457F87800C2C1E2 /* Frameworks */ = {
			isa = PBXFrameworksBuildPhase;
			buildActionMask = 2147483647;
			files = (
			);
			runOnlyForDeploymentPostprocessing = 0;
		};
		3C9CD1DA2457F88100C2C1E2 /* Frameworks */ = {
			isa = PBXFrameworksBuildPhase;
			buildActionMask = 2147483647;
			files = (
			);
			runOnlyForDeploymentPostprocessing = 0;
		};
		3C9CD1E52457F88100C2C1E2 /* Frameworks */ = {
			isa = PBXFrameworksBuildPhase;
			buildActionMask = 2147483647;
			files = (
			);
			runOnlyForDeploymentPostprocessing = 0;
		};
/* End PBXFrameworksBuildPhase section */

/* Begin PBXGroup section */
		3C9CD1BE2457F87800C2C1E2 = {
			isa = PBXGroup;
			children = (
				3C9CD1C92457F87800C2C1E2 /* location */,
				3C9CD1E02457F88100C2C1E2 /* locationTests */,
				3C9CD1EB2457F88100C2C1E2 /* locationUITests */,
				3C9CD1C82457F87800C2C1E2 /* Products */,
			);
			sourceTree = "<group>";
		};
		3C9CD1C82457F87800C2C1E2 /* Products */ = {
			isa = PBXGroup;
			children = (
				3C9CD1C72457F87800C2C1E2 /* location.app */,
				3C9CD1DD2457F88100C2C1E2 /* locationTests.xctest */,
				3C9CD1E82457F88100C2C1E2 /* locationUITests.xctest */,
			);
			name = Products;
			sourceTree = "<group>";
		};
		3C9CD1C92457F87800C2C1E2 /* location */ = {
			isa = PBXGroup;
			children = (
				3C9CD1CA2457F87800C2C1E2 /* AppDelegate.swift */,
				3C9CD1CC2457F87800C2C1E2 /* SceneDelegate.swift */,
				3C9CD1CE2457F87800C2C1E2 /* ViewController.swift */,
				3C9CD1D02457F87800C2C1E2 /* Main.storyboard */,
				3CDB96B52460CF13005CBAE9 /* webViewController.swift */,
				3C9CD1D32457F88100C2C1E2 /* Assets.xcassets */,
				3C9CD1D52457F88100C2C1E2 /* LaunchScreen.storyboard */,
				3C9CD1D82457F88100C2C1E2 /* Info.plist */,
			);
			path = location;
			sourceTree = "<group>";
		};
		3C9CD1E02457F88100C2C1E2 /* locationTests */ = {
			isa = PBXGroup;
			children = (
				3C9CD1E12457F88100C2C1E2 /* locationTests.swift */,
				3C9CD1E32457F88100C2C1E2 /* Info.plist */,
			);
			path = locationTests;
			sourceTree = "<group>";
		};
		3C9CD1EB2457F88100C2C1E2 /* locationUITests */ = {
			isa = PBXGroup;
			children = (
				3C9CD1EC2457F88100C2C1E2 /* locationUITests.swift */,
				3C9CD1EE2457F88100C2C1E2 /* Info.plist */,
			);
			path = locationUITests;
			sourceTree = "<group>";
		};
/* End PBXGroup section */

/* Begin PBXNativeTarget section */
		3C9CD1C62457F87800C2C1E2 /* location */ = {
			isa = PBXNativeTarget;
			buildConfigurationList = 3C9CD1F12457F88100C2C1E2 /* Build configuration list for PBXNativeTarget "location" */;
			buildPhases = (
				3C9CD1C32457F87800C2C1E2 /* Sources */,
				3C9CD1C42457F87800C2C1E2 /* Frameworks */,
				3C9CD1C52457F87800C2C1E2 /* Resources */,
			);
			buildRules = (
			);
			dependencies = (
			);
			name = location;
			productName = location;
			productReference = 3C9CD1C72457F87800C2C1E2 /* location.app */;
			productType = "com.apple.product-type.application";
		};
		3C9CD1DC2457F88100C2C1E2 /* locationTests */ = {
			isa = PBXNativeTarget;
			buildConfigurationList = 3C9CD1F42457F88100C2C1E2 /* Build configuration list for PBXNativeTarget "locationTests" */;
			buildPhases = (
				3C9CD1D92457F88100C2C1E2 /* Sources */,
				3C9CD1DA2457F88100C2C1E2 /* Frameworks */,
				3C9CD1DB2457F88100C2C1E2 /* Resources */,
			);
			buildRules = (
			);
			dependencies = (
				3C9CD1DF2457F88100C2C1E2 /* PBXTargetDependency */,
			);
			name = locationTests;
			productName = locationTests;
			productReference = 3C9CD1DD2457F88100C2C1E2 /* locationTests.xctest */;
			productType = "com.apple.product-type.bundle.unit-test";
		};
		3C9CD1E72457F88100C2C1E2 /* locationUITests */ = {
			isa = PBXNativeTarget;
			buildConfigurationList = 3C9CD1F72457F88100C2C1E2 /* Build configuration list for PBXNativeTarget "locationUITests" */;
			buildPhases = (
				3C9CD1E42457F88100C2C1E2 /* Sources */,
				3C9CD1E52457F88100C2C1E2 /* Frameworks */,
				3C9CD1E62457F88100C2C1E2 /* Resources */,
			);
			buildRules = (
			);
			dependencies = (
				3C9CD1EA2457F88100C2C1E2 /* PBXTargetDependency */,
			);
			name = locationUITests;
			productName = locationUITests;
			productReference = 3C9CD1E82457F88100C2C1E2 /* locationUITests.xctest */;
			productType = "com.apple.product-type.bundle.ui-testing";
		};
/* End PBXNativeTarget section */

/* Begin PBXProject section */
		3C9CD1BF2457F87800C2C1E2 /* Project object */ = {
			isa = PBXProject;
			attributes = {
				LastSwiftUpdateCheck = 1140;
				LastUpgradeCheck = 1140;
				ORGANIZATIONNAME = "dajere kyree newby";
				TargetAttributes = {
					3C9CD1C62457F87800C2C1E2 = {
						CreatedOnToolsVersion = 11.4.1;
					};
					3C9CD1DC2457F88100C2C1E2 = {
						CreatedOnToolsVersion = 11.4.1;
						TestTargetID = 3C9CD1C62457F87800C2C1E2;
					};
					3C9CD1E72457F88100C2C1E2 = {
						CreatedOnToolsVersion = 11.4.1;
						TestTargetID = 3C9CD1C62457F87800C2C1E2;
					};
				};
			};
			buildConfigurationList = 3C9CD1C22457F87800C2C1E2 /* Build configuration list for PBXProject "location" */;
			compatibilityVersion = "Xcode 9.3";
			developmentRegion = en;
			hasScannedForEncodings = 0;
			knownRegions = (
				en,
				Base,
			);
			mainGroup = 3C9CD1BE2457F87800C2C1E2;
			productRefGroup = 3C9CD1C82457F87800C2C1E2 /* Products */;
			projectDirPath = "";
			projectRoot = "";
			targets = (
				3C9CD1C62457F87800C2C1E2 /* location */,
				3C9CD1DC2457F88100C2C1E2 /* locationTests */,
				3C9CD1E72457F88100C2C1E2 /* locationUITests */,
			);
		};
/* End PBXProject section */

/* Begin PBXResourcesBuildPhase section */
		3C9CD1C52457F87800C2C1E2 /* Resources */ = {
			isa = PBXResourcesBuildPhase;
			buildActionMask = 2147483647;
			files = (
				3C9CD1D72457F88100C2C1E2 /* LaunchScreen.storyboard in Resources */,
				3C9CD1D42457F88100C2C1E2 /* Assets.xcassets in Resources */,
				3C9CD1D22457F87800C2C1E2 /* Main.storyboard in Resources */,
			);
			runOnlyForDeploymentPostprocessing = 0;
		};
		3C9CD1DB2457F88100C2C1E2 /* Resources */ = {
			isa = PBXResourcesBuildPhase;
			buildActionMask = 2147483647;
			files = (
			);
			runOnlyForDeploymentPostprocessing = 0;
		};
		3C9CD1E62457F88100C2C1E2 /* Resources */ = {
			isa = PBXResourcesBuildPhase;
			buildActionMask = 2147483647;
			files = (
			);
			runOnlyForDeploymentPostprocessing = 0;
		};
/* End PBXResourcesBuildPhase section */

/* Begin PBXSourcesBuildPhase section */
		3C9CD1C32457F87800C2C1E2 /* Sources */ = {
			isa = PBXSourcesBuildPhase;
			buildActionMask = 2147483647;
			files = (
				3C9CD1CF2457F87800C2C1E2 /* ViewController.swift in Sources */,
				3C9CD1CB2457F87800C2C1E2 /* AppDelegate.swift in Sources */,
				3C9CD1CD2457F87800C2C1E2 /* SceneDelegate.swift in Sources */,
				3CDB96B62460CF13005CBAE9 /* webViewController.swift in Sources */,
			);
			runOnlyForDeploymentPostprocessing = 0;
		};
		3C9CD1D92457F88100C2C1E2 /* Sources */ = {
			isa = PBXSourcesBuildPhase;
			buildActionMask = 2147483647;
			files = (
				3C9CD1E22457F88100C2C1E2 /* locationTests.swift in Sources */,
			);
			runOnlyForDeploymentPostprocessing = 0;
		};
		3C9CD1E42457F88100C2C1E2 /* Sources */ = {
			isa = PBXSourcesBuildPhase;
			buildActionMask = 2147483647;
			files = (
				3C9CD1ED2457F88100C2C1E2 /* locationUITests.swift in Sources */,
			);
			runOnlyForDeploymentPostprocessing = 0;
		};
/* End PBXSourcesBuildPhase section */

/* Begin PBXTargetDependency section */
		3C9CD1DF2457F88100C2C1E2 /* PBXTargetDependency */ = {
			isa = PBXTargetDependency;
			target = 3C9CD1C62457F87800C2C1E2 /* location */;
			targetProxy = 3C9CD1DE2457F88100C2C1E2 /* PBXContainerItemProxy */;
		};
		3C9CD1EA2457F88100C2C1E2 /* PBXTargetDependency */ = {
			isa = PBXTargetDependency;
			target = 3C9CD1C62457F87800C2C1E2 /* location */;
			targetProxy = 3C9CD1E92457F88100C2C1E2 /* PBXContainerItemProxy */;
		};
/* End PBXTargetDependency section */

/* Begin PBXVariantGroup section */
		3C9CD1D02457F87800C2C1E2 /* Main.storyboard */ = {
			isa = PBXVariantGroup;
			children = (
				3C9CD1D12457F87800C2C1E2 /* Base */,
			);
			name = Main.storyboard;
			sourceTree = "<group>";
		};
		3C9CD1D52457F88100C2C1E2 /* LaunchScreen.storyboard */ = {
			isa = PBXVariantGroup;
			children = (
				3C9CD1D62457F88100C2C1E2 /* Base */,
			);
			name = LaunchScreen.storyboard;
			sourceTree = "<group>";
		};
/* End PBXVariantGroup section */

/* Begin XCBuildConfiguration section */
		3C9CD1EF2457F88100C2C1E2 /* Debug */ = {
			isa = XCBuildConfiguration;
			buildSettings = {
				ALWAYS_SEARCH_USER_PATHS = NO;
				CLANG_ANALYZER_NONNULL = YES;
				CLANG_ANALYZER_NUMBER_OBJECT_CONVERSION = YES_AGGRESSIVE;
				CLANG_CXX_LANGUAGE_STANDARD = "gnu++14";
				CLANG_CXX_LIBRARY = "libc++";
				CLANG_ENABLE_MODULES = YES;
				CLANG_ENABLE_OBJC_ARC = YES;
				CLANG_ENABLE_OBJC_WEAK = YES;
				CLANG_WARN_BLOCK_CAPTURE_AUTORELEASING = YES;
				CLANG_WARN_BOOL_CONVERSION = YES;
				CLANG_WARN_COMMA = YES;
				CLANG_WARN_CONSTANT_CONVERSION = YES;
				CLANG_WARN_DEPRECATED_OBJC_IMPLEMENTATIONS = YES;
				CLANG_WARN_DIRECT_OBJC_ISA_USAGE = YES_ERROR;
				CLANG_WARN_DOCUMENTATION_COMMENTS = YES;
				CLANG_WARN_EMPTY_BODY = YES;
				CLANG_WARN_ENUM_CONVERSION = YES;
				CLANG_WARN_INFINITE_RECURSION = YES;
				CLANG_WARN_INT_CONVERSION = YES;
				CLANG_WARN_NON_LITERAL_NULL_CONVERSION = YES;
				CLANG_WARN_OBJC_IMPLICIT_RETAIN_SELF = YES;
				CLANG_WARN_OBJC_LITERAL_CONVERSION = YES;
				CLANG_WARN_OBJC_ROOT_CLASS = YES_ERROR;
				CLANG_WARN_RANGE_LOOP_ANALYSIS = YES;
				CLANG_WARN_STRICT_PROTOTYPES = YES;
				CLANG_WARN_SUSPICIOUS_MOVE = YES;
				CLANG_WARN_UNGUARDED_AVAILABILITY = YES_AGGRESSIVE;
				CLANG_WARN_UNREACHABLE_CODE = YES;
				CLANG_WARN__DUPLICATE_METHOD_MATCH = YES;
				COPY_PHASE_STRIP = NO;
				DEBUG_INFORMATION_FORMAT = dwarf;
				ENABLE_STRICT_OBJC_MSGSEND = YES;
				ENABLE_TESTABILITY = YES;
				GCC_C_LANGUAGE_STANDARD = gnu11;
				GCC_DYNAMIC_NO_PIC = NO;
				GCC_NO_COMMON_BLOCKS = YES;
				GCC_OPTIMIZATION_LEVEL = 0;
				GCC_PREPROCESSOR_DEFINITIONS = (
					"DEBUG=1",
					"$(inherited)",
				);
				GCC_WARN_64_TO_32_BIT_CONVERSION = YES;
				GCC_WARN_ABOUT_RETURN_TYPE = YES_ERROR;
				GCC_WARN_UNDECLARED_SELECTOR = YES;
				GCC_WARN_UNINITIALIZED_AUTOS = YES_AGGRESSIVE;
				GCC_WARN_UNUSED_FUNCTION = YES;
				GCC_WARN_UNUSED_VARIABLE = YES;
				IPHONEOS_DEPLOYMENT_TARGET = 13.4;
				MTL_ENABLE_DEBUG_INFO = INCLUDE_SOURCE;
				MTL_FAST_MATH = YES;
				ONLY_ACTIVE_ARCH = YES;
				SDKROOT = iphoneos;
				SWIFT_ACTIVE_COMPILATION_CONDITIONS = DEBUG;
				SWIFT_OPTIMIZATION_LEVEL = "-Onone";
			};
			name = Debug;
		};
		3C9CD1F02457F88100C2C1E2 /* Release */ = {
			isa = XCBuildConfiguration;
			buildSettings = {
				ALWAYS_SEARCH_USER_PATHS = NO;
				CLANG_ANALYZER_NONNULL = YES;
				CLANG_ANALYZER_NUMBER_OBJECT_CONVERSION = YES_AGGRESSIVE;
				CLANG_CXX_LANGUAGE_STANDARD = "gnu++14";
				CLANG_CXX_LIBRARY = "libc++";
				CLANG_ENABLE_MODULES = YES;
				CLANG_ENABLE_OBJC_ARC = YES;
				CLANG_ENABLE_OBJC_WEAK = YES;
				CLANG_WARN_BLOCK_CAPTURE_AUTORELEASING = YES;
				CLANG_WARN_BOOL_CONVERSION = YES;
				CLANG_WARN_COMMA = YES;
				CLANG_WARN_CONSTANT_CONVERSION = YES;
				CLANG_WARN_DEPRECATED_OBJC_IMPLEMENTATIONS = YES;
				CLANG_WARN_DIRECT_OBJC_ISA_USAGE = YES_ERROR;
				CLANG_WARN_DOCUMENTATION_COMMENTS = YES;
				CLANG_WARN_EMPTY_BODY = YES;
				CLANG_WARN_ENUM_CONVERSION = YES;
				CLANG_WARN_INFINITE_RECURSION = YES;
				CLANG_WARN_INT_CONVERSION = YES;
				CLANG_WARN_NON_LITERAL_NULL_CONVERSION = YES;
				CLANG_WARN_OBJC_IMPLICIT_RETAIN_SELF = YES;
				CLANG_WARN_OBJC_LITERAL_CONVERSION = YES;
				CLANG_WARN_OBJC_ROOT_CLASS = YES_ERROR;
				CLANG_WARN_RANGE_LOOP_ANALYSIS = YES;
				CLANG_WARN_STRICT_PROTOTYPES = YES;
				CLANG_WARN_SUSPICIOUS_MOVE = YES;
				CLANG_WARN_UNGUARDED_AVAILABILITY = YES_AGGRESSIVE;
				CLANG_WARN_UNREACHABLE_CODE = YES;
				CLANG_WARN__DUPLICATE_METHOD_MATCH = YES;
				COPY_PHASE_STRIP = NO;
				DEBUG_INFORMATION_FORMAT = "dwarf-with-dsym";
				ENABLE_NS_ASSERTIONS = NO;
				ENABLE_STRICT_OBJC_MSGSEND = YES;
				GCC_C_LANGUAGE_STANDARD = gnu11;
				GCC_NO_COMMON_BLOCKS = YES;
				GCC_WARN_64_TO_32_BIT_CONVERSION = YES;
				GCC_WARN_ABOUT_RETURN_TYPE = YES_ERROR;
				GCC_WARN_UNDECLARED_SELECTOR = YES;
				GCC_WARN_UNINITIALIZED_AUTOS = YES_AGGRESSIVE;
				GCC_WARN_UNUSED_FUNCTION = YES;
				GCC_WARN_UNUSED_VARIABLE = YES;
				IPHONEOS_DEPLOYMENT_TARGET = 13.4;
				MTL_ENABLE_DEBUG_INFO = NO;
				MTL_FAST_MATH = YES;
				SDKROOT = iphoneos;
				SWIFT_COMPILATION_MODE = wholemodule;
				SWIFT_OPTIMIZATION_LEVEL = "-O";
				VALIDATE_PRODUCT = YES;
			};
			name = Release;
		};
		3C9CD1F22457F88100C2C1E2 /* Debug */ = {
			isa = XCBuildConfiguration;
			buildSettings = {
				ASSETCATALOG_COMPILER_APPICON_NAME = AppIcon;
				CODE_SIGN_STYLE = Automatic;
				DEVELOPMENT_TEAM = 5T66U63575;
				INFOPLIST_FILE = location/Info.plist;
				LD_RUNPATH_SEARCH_PATHS = (
					"$(inherited)",
					"@executable_path/Frameworks",
				);
				PRODUCT_BUNDLE_IDENTIFIER = dajere.location;
				PRODUCT_NAME = "$(TARGET_NAME)";
				SWIFT_VERSION = 5.0;
				TARGETED_DEVICE_FAMILY = "1,2";
			};
			name = Debug;
		};
		3C9CD1F32457F88100C2C1E2 /* Release */ = {
			isa = XCBuildConfiguration;
			buildSettings = {
				ASSETCATALOG_COMPILER_APPICON_NAME = AppIcon;
				CODE_SIGN_STYLE = Automatic;
				DEVELOPMENT_TEAM = 5T66U63575;
				INFOPLIST_FILE = location/Info.plist;
				LD_RUNPATH_SEARCH_PATHS = (
					"$(inherited)",
					"@executable_path/Frameworks",
				);
				PRODUCT_BUNDLE_IDENTIFIER = dajere.location;
				PRODUCT_NAME = "$(TARGET_NAME)";
				SWIFT_VERSION = 5.0;
				TARGETED_DEVICE_FAMILY = "1,2";
			};
			name = Release;
		};
		3C9CD1F52457F88100C2C1E2 /* Debug */ = {
			isa = XCBuildConfiguration;
			buildSettings = {
				ALWAYS_EMBED_SWIFT_STANDARD_LIBRARIES = YES;
				BUNDLE_LOADER = "$(TEST_HOST)";
				CODE_SIGN_STYLE = Automatic;
				DEVELOPMENT_TEAM = 5T66U63575;
				INFOPLIST_FILE = locationTests/Info.plist;
				IPHONEOS_DEPLOYMENT_TARGET = 13.4;
				LD_RUNPATH_SEARCH_PATHS = (
					"$(inherited)",
					"@executable_path/Frameworks",
					"@loader_path/Frameworks",
				);
				PRODUCT_BUNDLE_IDENTIFIER = dajere.locationTests;
				PRODUCT_NAME = "$(TARGET_NAME)";
				SWIFT_VERSION = 5.0;
				TARGETED_DEVICE_FAMILY = "1,2";
				TEST_HOST = "$(BUILT_PRODUCTS_DIR)/location.app/location";
			};
			name = Debug;
		};
		3C9CD1F62457F88100C2C1E2 /* Release */ = {
			isa = XCBuildConfiguration;
			buildSettings = {
				ALWAYS_EMBED_SWIFT_STANDARD_LIBRARIES = YES;
				BUNDLE_LOADER = "$(TEST_HOST)";
				CODE_SIGN_STYLE = Automatic;
				DEVELOPMENT_TEAM = 5T66U63575;
				INFOPLIST_FILE = locationTests/Info.plist;
				IPHONEOS_DEPLOYMENT_TARGET = 13.4;
				LD_RUNPATH_SEARCH_PATHS = (
					"$(inherited)",
					"@executable_path/Frameworks",
					"@loader_path/Frameworks",
				);
				PRODUCT_BUNDLE_IDENTIFIER = dajere.locationTests;
				PRODUCT_NAME = "$(TARGET_NAME)";
				SWIFT_VERSION = 5.0;
				TARGETED_DEVICE_FAMILY = "1,2";
				TEST_HOST = "$(BUILT_PRODUCTS_DIR)/location.app/location";
			};
			name = Release;
		};
		3C9CD1F82457F88100C2C1E2 /* Debug */ = {
			isa = XCBuildConfiguration;
			buildSettings = {
				ALWAYS_EMBED_SWIFT_STANDARD_LIBRARIES = YES;
				CODE_SIGN_STYLE = Automatic;
				DEVELOPMENT_TEAM = 5T66U63575;
				INFOPLIST_FILE = locationUITests/Info.plist;
				LD_RUNPATH_SEARCH_PATHS = (
					"$(inherited)",
					"@executable_path/Frameworks",
					"@loader_path/Frameworks",
				);
				PRODUCT_BUNDLE_IDENTIFIER = dajere.locationUITests;
				PRODUCT_NAME = "$(TARGET_NAME)";
				SWIFT_VERSION = 5.0;
				TARGETED_DEVICE_FAMILY = "1,2";
				TEST_TARGET_NAME = location;
			};
			name = Debug;
		};
		3C9CD1F92457F88100C2C1E2 /* Release */ = {
			isa = XCBuildConfiguration;
			buildSettings = {
				ALWAYS_EMBED_SWIFT_STANDARD_LIBRARIES = YES;
				CODE_SIGN_STYLE = Automatic;
				DEVELOPMENT_TEAM = 5T66U63575;
				INFOPLIST_FILE = locationUITests/Info.plist;
				LD_RUNPATH_SEARCH_PATHS = (
					"$(inherited)",
					"@executable_path/Frameworks",
					"@loader_path/Frameworks",
				);
				PRODUCT_BUNDLE_IDENTIFIER = dajere.locationUITests;
				PRODUCT_NAME = "$(TARGET_NAME)";
				SWIFT_VERSION = 5.0;
				TARGETED_DEVICE_FAMILY = "1,2";
				TEST_TARGET_NAME = location;
			};
			name = Release;
		};
/* End XCBuildConfiguration section */

/* Begin XCConfigurationList section */
		3C9CD1C22457F87800C2C1E2 /* Build configuration list for PBXProject "location" */ = {
			isa = XCConfigurationList;
			buildConfigurations = (
				3C9CD1EF2457F88100C2C1E2 /* Debug */,
				3C9CD1F02457F88100C2C1E2 /* Release */,
			);
			defaultConfigurationIsVisible = 0;
			defaultConfigurationName = Release;
		};
		3C9CD1F12457F88100C2C1E2 /* Build configuration list for PBXNativeTarget "location" */ = {
			isa = XCConfigurationList;
			buildConfigurations = (
				3C9CD1F22457F88100C2C1E2 /* Debug */,
				3C9CD1F32457F88100C2C1E2 /* Release */,
			);
			defaultConfigurationIsVisible = 0;
			defaultConfigurationName = Release;
		};
		3C9CD1F42457F88100C2C1E2 /* Build configuration list for PBXNativeTarget "locationTests" */ = {
			isa = XCConfigurationList;
			buildConfigurations = (
				3C9CD1F52457F88100C2C1E2 /* Debug */,
				3C9CD1F62457F88100C2C1E2 /* Release */,
			);
			defaultConfigurationIsVisible = 0;
			defaultConfigurationName = Release;
		};
		3C9CD1F72457F88100C2C1E2 /* Build configuration list for PBXNativeTarget "locationUITests" */ = {
			isa = XCConfigurationList;
			buildConfigurations = (
				3C9CD1F82457F88100C2C1E2 /* Debug */,
				3C9CD1F92457F88100C2C1E2 /* Release */,
			);
			defaultConfigurationIsVisible = 0;
			defaultConfigurationName = Release;
		};
/* End XCConfigurationList section */
	};
	rootObject = 3C9CD1BF2457F87800C2C1E2 /* Project object */;
}
