// !$*UTF8*$!
{
	archiveVersion = 1;
	classes = {
	};
	objectVersion = 50;
	objects = {

/* Begin PBXBuildFile section */
		3C8D690B240584D3003753F8 /* AppDelegate.swift in Sources */ = {isa = PBXBuildFile; fileRef = 3C8D690A240584D3003753F8 /* AppDelegate.swift */; };
		3C8D690D240584D3003753F8 /* SceneDelegate.swift in Sources */ = {isa = PBXBuildFile; fileRef = 3C8D690C240584D3003753F8 /* SceneDelegate.swift */; };
		3C8D690F240584D3003753F8 /* ViewController.swift in Sources */ = {isa = PBXBuildFile; fileRef = 3C8D690E240584D3003753F8 /* ViewController.swift */; };
		3C8D6912240584D3003753F8 /* Main.storyboard in Resources */ = {isa = PBXBuildFile; fileRef = 3C8D6910240584D3003753F8 /* Main.storyboard */; };
		3C8D6914240584DA003753F8 /* Assets.xcassets in Resources */ = {isa = PBXBuildFile; fileRef = 3C8D6913240584DA003753F8 /* Assets.xcassets */; };
		3C8D6917240584DA003753F8 /* LaunchScreen.storyboard in Resources */ = {isa = PBXBuildFile; fileRef = 3C8D6915240584DA003753F8 /* LaunchScreen.storyboard */; };
		3C8D6922240584DA003753F8 /* homework1Tests.swift in Sources */ = {isa = PBXBuildFile; fileRef = 3C8D6921240584DA003753F8 /* homework1Tests.swift */; };
		3C8D692D240584DA003753F8 /* homework1UITests.swift in Sources */ = {isa = PBXBuildFile; fileRef = 3C8D692C240584DA003753F8 /* homework1UITests.swift */; };
/* End PBXBuildFile section */

/* Begin PBXContainerItemProxy section */
		3C8D691E240584DA003753F8 /* PBXContainerItemProxy */ = {
			isa = PBXContainerItemProxy;
			containerPortal = 3C8D68FF240584D2003753F8 /* Project object */;
			proxyType = 1;
			remoteGlobalIDString = 3C8D6906240584D2003753F8;
			remoteInfo = homework1;
		};
		3C8D6929240584DA003753F8 /* PBXContainerItemProxy */ = {
			isa = PBXContainerItemProxy;
			containerPortal = 3C8D68FF240584D2003753F8 /* Project object */;
			proxyType = 1;
			remoteGlobalIDString = 3C8D6906240584D2003753F8;
			remoteInfo = homework1;
		};
/* End PBXContainerItemProxy section */

/* Begin PBXFileReference section */
		3C8D6907240584D2003753F8 /* homework1.app */ = {isa = PBXFileReference; explicitFileType = wrapper.application; includeInIndex = 0; path = homework1.app; sourceTree = BUILT_PRODUCTS_DIR; };
		3C8D690A240584D3003753F8 /* AppDelegate.swift */ = {isa = PBXFileReference; lastKnownFileType = sourcecode.swift; path = AppDelegate.swift; sourceTree = "<group>"; };
		3C8D690C240584D3003753F8 /* SceneDelegate.swift */ = {isa = PBXFileReference; lastKnownFileType = sourcecode.swift; path = SceneDelegate.swift; sourceTree = "<group>"; };
		3C8D690E240584D3003753F8 /* ViewController.swift */ = {isa = PBXFileReference; lastKnownFileType = sourcecode.swift; path = ViewController.swift; sourceTree = "<group>"; };
		3C8D6911240584D3003753F8 /* Base */ = {isa = PBXFileReference; lastKnownFileType = file.storyboard; name = Base; path = Base.lproj/Main.storyboard; sourceTree = "<group>"; };
		3C8D6913240584DA003753F8 /* Assets.xcassets */ = {isa = PBXFileReference; lastKnownFileType = folder.assetcatalog; path = Assets.xcassets; sourceTree = "<group>"; };
		3C8D6916240584DA003753F8 /* Base */ = {isa = PBXFileReference; lastKnownFileType = file.storyboard; name = Base; path = Base.lproj/LaunchScreen.storyboard; sourceTree = "<group>"; };
		3C8D6918240584DA003753F8 /* Info.plist */ = {isa = PBXFileReference; lastKnownFileType = text.plist.xml; path = Info.plist; sourceTree = "<group>"; };
		3C8D691D240584DA003753F8 /* homework1Tests.xctest */ = {isa = PBXFileReference; explicitFileType = wrapper.cfbundle; includeInIndex = 0; path = homework1Tests.xctest; sourceTree = BUILT_PRODUCTS_DIR; };
		3C8D6921240584DA003753F8 /* homework1Tests.swift */ = {isa = PBXFileReference; lastKnownFileType = sourcecode.swift; path = homework1Tests.swift; sourceTree = "<group>"; };
		3C8D6923240584DA003753F8 /* Info.plist */ = {isa = PBXFileReference; lastKnownFileType = text.plist.xml; path = Info.plist; sourceTree = "<group>"; };
		3C8D6928240584DA003753F8 /* homework1UITests.xctest */ = {isa = PBXFileReference; explicitFileType = wrapper.cfbundle; includeInIndex = 0; path = homework1UITests.xctest; sourceTree = BUILT_PRODUCTS_DIR; };
		3C8D692C240584DA003753F8 /* homework1UITests.swift */ = {isa = PBXFileReference; lastKnownFileType = sourcecode.swift; path = homework1UITests.swift; sourceTree = "<group>"; };
		3C8D692E240584DA003753F8 /* Info.plist */ = {isa = PBXFileReference; lastKnownFileType = text.plist.xml; path = Info.plist; sourceTree = "<group>"; };
/* End PBXFileReference section */

/* Begin PBXFrameworksBuildPhase section */
		3C8D6904240584D2003753F8 /* Frameworks */ = {
			isa = PBXFrameworksBuildPhase;
			buildActionMask = 2147483647;
			files = (
			);
			runOnlyForDeploymentPostprocessing = 0;
		};
		3C8D691A240584DA003753F8 /* Frameworks */ = {
			isa = PBXFrameworksBuildPhase;
			buildActionMask = 2147483647;
			files = (
			);
			runOnlyForDeploymentPostprocessing = 0;
		};
		3C8D6925240584DA003753F8 /* Frameworks */ = {
			isa = PBXFrameworksBuildPhase;
			buildActionMask = 2147483647;
			files = (
			);
			runOnlyForDeploymentPostprocessing = 0;
		};
/* End PBXFrameworksBuildPhase section */

/* Begin PBXGroup section */
		3C8D68FE240584D2003753F8 = {
			isa = PBXGroup;
			children = (
				3C8D6909240584D3003753F8 /* homework1 */,
				3C8D6920240584DA003753F8 /* homework1Tests */,
				3C8D692B240584DA003753F8 /* homework1UITests */,
				3C8D6908240584D2003753F8 /* Products */,
			);
			sourceTree = "<group>";
		};
		3C8D6908240584D2003753F8 /* Products */ = {
			isa = PBXGroup;
			children = (
				3C8D6907240584D2003753F8 /* homework1.app */,
				3C8D691D240584DA003753F8 /* homework1Tests.xctest */,
				3C8D6928240584DA003753F8 /* homework1UITests.xctest */,
			);
			name = Products;
			sourceTree = "<group>";
		};
		3C8D6909240584D3003753F8 /* homework1 */ = {
			isa = PBXGroup;
			children = (
				3C8D690A240584D3003753F8 /* AppDelegate.swift */,
				3C8D690C240584D3003753F8 /* SceneDelegate.swift */,
				3C8D690E240584D3003753F8 /* ViewController.swift */,
				3C8D6910240584D3003753F8 /* Main.storyboard */,
				3C8D6913240584DA003753F8 /* Assets.xcassets */,
				3C8D6915240584DA003753F8 /* LaunchScreen.storyboard */,
				3C8D6918240584DA003753F8 /* Info.plist */,
			);
			path = homework1;
			sourceTree = "<group>";
		};
		3C8D6920240584DA003753F8 /* homework1Tests */ = {
			isa = PBXGroup;
			children = (
				3C8D6921240584DA003753F8 /* homework1Tests.swift */,
				3C8D6923240584DA003753F8 /* Info.plist */,
			);
			path = homework1Tests;
			sourceTree = "<group>";
		};
		3C8D692B240584DA003753F8 /* homework1UITests */ = {
			isa = PBXGroup;
			children = (
				3C8D692C240584DA003753F8 /* homework1UITests.swift */,
				3C8D692E240584DA003753F8 /* Info.plist */,
			);
			path = homework1UITests;
			sourceTree = "<group>";
		};
/* End PBXGroup section */

/* Begin PBXNativeTarget section */
		3C8D6906240584D2003753F8 /* homework1 */ = {
			isa = PBXNativeTarget;
			buildConfigurationList = 3C8D6931240584DA003753F8 /* Build configuration list for PBXNativeTarget "homework1" */;
			buildPhases = (
				3C8D6903240584D2003753F8 /* Sources */,
				3C8D6904240584D2003753F8 /* Frameworks */,
				3C8D6905240584D2003753F8 /* Resources */,
			);
			buildRules = (
			);
			dependencies = (
			);
			name = homework1;
			productName = homework1;
			productReference = 3C8D6907240584D2003753F8 /* homework1.app */;
			productType = "com.apple.product-type.application";
		};
		3C8D691C240584DA003753F8 /* homework1Tests */ = {
			isa = PBXNativeTarget;
			buildConfigurationList = 3C8D6934240584DA003753F8 /* Build configuration list for PBXNativeTarget "homework1Tests" */;
			buildPhases = (
				3C8D6919240584DA003753F8 /* Sources */,
				3C8D691A240584DA003753F8 /* Frameworks */,
				3C8D691B240584DA003753F8 /* Resources */,
			);
			buildRules = (
			);
			dependencies = (
				3C8D691F240584DA003753F8 /* PBXTargetDependency */,
			);
			name = homework1Tests;
			productName = homework1Tests;
			productReference = 3C8D691D240584DA003753F8 /* homework1Tests.xctest */;
			productType = "com.apple.product-type.bundle.unit-test";
		};
		3C8D6927240584DA003753F8 /* homework1UITests */ = {
			isa = PBXNativeTarget;
			buildConfigurationList = 3C8D6937240584DA003753F8 /* Build configuration list for PBXNativeTarget "homework1UITests" */;
			buildPhases = (
				3C8D6924240584DA003753F8 /* Sources */,
				3C8D6925240584DA003753F8 /* Frameworks */,
				3C8D6926240584DA003753F8 /* Resources */,
			);
			buildRules = (
			);
			dependencies = (
				3C8D692A240584DA003753F8 /* PBXTargetDependency */,
			);
			name = homework1UITests;
			productName = homework1UITests;
			productReference = 3C8D6928240584DA003753F8 /* homework1UITests.xctest */;
			productType = "com.apple.product-type.bundle.ui-testing";
		};
/* End PBXNativeTarget section */

/* Begin PBXProject section */
		3C8D68FF240584D2003753F8 /* Project object */ = {
			isa = PBXProject;
			attributes = {
				LastSwiftUpdateCheck = 1130;
				LastUpgradeCheck = 1130;
				ORGANIZATIONNAME = "dajere kyree newby";
				TargetAttributes = {
					3C8D6906240584D2003753F8 = {
						CreatedOnToolsVersion = 11.3.1;
					};
					3C8D691C240584DA003753F8 = {
						CreatedOnToolsVersion = 11.3.1;
						TestTargetID = 3C8D6906240584D2003753F8;
					};
					3C8D6927240584DA003753F8 = {
						CreatedOnToolsVersion = 11.3.1;
						TestTargetID = 3C8D6906240584D2003753F8;
					};
				};
			};
			buildConfigurationList = 3C8D6902240584D2003753F8 /* Build configuration list for PBXProject "homework1" */;
			compatibilityVersion = "Xcode 9.3";
			developmentRegion = en;
			hasScannedForEncodings = 0;
			knownRegions = (
				en,
				Base,
			);
			mainGroup = 3C8D68FE240584D2003753F8;
			productRefGroup = 3C8D6908240584D2003753F8 /* Products */;
			projectDirPath = "";
			projectRoot = "";
			targets = (
				3C8D6906240584D2003753F8 /* homework1 */,
				3C8D691C240584DA003753F8 /* homework1Tests */,
				3C8D6927240584DA003753F8 /* homework1UITests */,
			);
		};
/* End PBXProject section */

/* Begin PBXResourcesBuildPhase section */
		3C8D6905240584D2003753F8 /* Resources */ = {
			isa = PBXResourcesBuildPhase;
			buildActionMask = 2147483647;
			files = (
				3C8D6917240584DA003753F8 /* LaunchScreen.storyboard in Resources */,
				3C8D6914240584DA003753F8 /* Assets.xcassets in Resources */,
				3C8D6912240584D3003753F8 /* Main.storyboard in Resources */,
			);
			runOnlyForDeploymentPostprocessing = 0;
		};
		3C8D691B240584DA003753F8 /* Resources */ = {
			isa = PBXResourcesBuildPhase;
			buildActionMask = 2147483647;
			files = (
			);
			runOnlyForDeploymentPostprocessing = 0;
		};
		3C8D6926240584DA003753F8 /* Resources */ = {
			isa = PBXResourcesBuildPhase;
			buildActionMask = 2147483647;
			files = (
			);
			runOnlyForDeploymentPostprocessing = 0;
		};
/* End PBXResourcesBuildPhase section */

/* Begin PBXSourcesBuildPhase section */
		3C8D6903240584D2003753F8 /* Sources */ = {
			isa = PBXSourcesBuildPhase;
			buildActionMask = 2147483647;
			files = (
				3C8D690F240584D3003753F8 /* ViewController.swift in Sources */,
				3C8D690B240584D3003753F8 /* AppDelegate.swift in Sources */,
				3C8D690D240584D3003753F8 /* SceneDelegate.swift in Sources */,
			);
			runOnlyForDeploymentPostprocessing = 0;
		};
		3C8D6919240584DA003753F8 /* Sources */ = {
			isa = PBXSourcesBuildPhase;
			buildActionMask = 2147483647;
			files = (
				3C8D6922240584DA003753F8 /* homework1Tests.swift in Sources */,
			);
			runOnlyForDeploymentPostprocessing = 0;
		};
		3C8D6924240584DA003753F8 /* Sources */ = {
			isa = PBXSourcesBuildPhase;
			buildActionMask = 2147483647;
			files = (
				3C8D692D240584DA003753F8 /* homework1UITests.swift in Sources */,
			);
			runOnlyForDeploymentPostprocessing = 0;
		};
/* End PBXSourcesBuildPhase section */

/* Begin PBXTargetDependency section */
		3C8D691F240584DA003753F8 /* PBXTargetDependency */ = {
			isa = PBXTargetDependency;
			target = 3C8D6906240584D2003753F8 /* homework1 */;
			targetProxy = 3C8D691E240584DA003753F8 /* PBXContainerItemProxy */;
		};
		3C8D692A240584DA003753F8 /* PBXTargetDependency */ = {
			isa = PBXTargetDependency;
			target = 3C8D6906240584D2003753F8 /* homework1 */;
			targetProxy = 3C8D6929240584DA003753F8 /* PBXContainerItemProxy */;
		};
/* End PBXTargetDependency section */

/* Begin PBXVariantGroup section */
		3C8D6910240584D3003753F8 /* Main.storyboard */ = {
			isa = PBXVariantGroup;
			children = (
				3C8D6911240584D3003753F8 /* Base */,
			);
			name = Main.storyboard;
			sourceTree = "<group>";
		};
		3C8D6915240584DA003753F8 /* LaunchScreen.storyboard */ = {
			isa = PBXVariantGroup;
			children = (
				3C8D6916240584DA003753F8 /* Base */,
			);
			name = LaunchScreen.storyboard;
			sourceTree = "<group>";
		};
/* End PBXVariantGroup section */

/* Begin XCBuildConfiguration section */
		3C8D692F240584DA003753F8 /* Debug */ = {
			isa = XCBuildConfiguration;
			buildSettings = {
				ALWAYS_SEARCH_USER_PATHS = NO;
				CLANG_ANALYZER_NONNULL = YES;
				CLANG_ANALYZER_NUMBER_OBJECT_CONVERSION = YES_AGGRESSIVE;
				CLANG_CXX_LANGUAGE_STANDARD = "gnu++14";
				CLANG_CXX_LIBRARY = "libc++";
				CLANG_ENABLE_MODULES = YES;
				CLANG_ENABLE_OBJC_ARC = YES;
				CLANG_ENABLE_OBJC_WEAK = YES;
				CLANG_WARN_BLOCK_CAPTURE_AUTORELEASING = YES;
				CLANG_WARN_BOOL_CONVERSION = YES;
				CLANG_WARN_COMMA = YES;
				CLANG_WARN_CONSTANT_CONVERSION = YES;
				CLANG_WARN_DEPRECATED_OBJC_IMPLEMENTATIONS = YES;
				CLANG_WARN_DIRECT_OBJC_ISA_USAGE = YES_ERROR;
				CLANG_WARN_DOCUMENTATION_COMMENTS = YES;
				CLANG_WARN_EMPTY_BODY = YES;
				CLANG_WARN_ENUM_CONVERSION = YES;
				CLANG_WARN_INFINITE_RECURSION = YES;
				CLANG_WARN_INT_CONVERSION = YES;
				CLANG_WARN_NON_LITERAL_NULL_CONVERSION = YES;
				CLANG_WARN_OBJC_IMPLICIT_RETAIN_SELF = YES;
				CLANG_WARN_OBJC_LITERAL_CONVERSION = YES;
				CLANG_WARN_OBJC_ROOT_CLASS = YES_ERROR;
				CLANG_WARN_RANGE_LOOP_ANALYSIS = YES;
				CLANG_WARN_STRICT_PROTOTYPES = YES;
				CLANG_WARN_SUSPICIOUS_MOVE = YES;
				CLANG_WARN_UNGUARDED_AVAILABILITY = YES_AGGRESSIVE;
				CLANG_WARN_UNREACHABLE_CODE = YES;
				CLANG_WARN__DUPLICATE_METHOD_MATCH = YES;
				COPY_PHASE_STRIP = NO;
				DEBUG_INFORMATION_FORMAT = dwarf;
				ENABLE_STRICT_OBJC_MSGSEND = YES;
				ENABLE_TESTABILITY = YES;
				GCC_C_LANGUAGE_STANDARD = gnu11;
				GCC_DYNAMIC_NO_PIC = NO;
				GCC_NO_COMMON_BLOCKS = YES;
				GCC_OPTIMIZATION_LEVEL = 0;
				GCC_PREPROCESSOR_DEFINITIONS = (
					"DEBUG=1",
					"$(inherited)",
				);
				GCC_WARN_64_TO_32_BIT_CONVERSION = YES;
				GCC_WARN_ABOUT_RETURN_TYPE = YES_ERROR;
				GCC_WARN_UNDECLARED_SELECTOR = YES;
				GCC_WARN_UNINITIALIZED_AUTOS = YES_AGGRESSIVE;
				GCC_WARN_UNUSED_FUNCTION = YES;
				GCC_WARN_UNUSED_VARIABLE = YES;
				IPHONEOS_DEPLOYMENT_TARGET = 13.2;
				MTL_ENABLE_DEBUG_INFO = INCLUDE_SOURCE;
				MTL_FAST_MATH = YES;
				ONLY_ACTIVE_ARCH = YES;
				SDKROOT = iphoneos;
				SWIFT_ACTIVE_COMPILATION_CONDITIONS = DEBUG;
				SWIFT_OPTIMIZATION_LEVEL = "-Onone";
			};
			name = Debug;
		};
		3C8D6930240584DA003753F8 /* Release */ = {
			isa = XCBuildConfiguration;
			buildSettings = {
				ALWAYS_SEARCH_USER_PATHS = NO;
				CLANG_ANALYZER_NONNULL = YES;
				CLANG_ANALYZER_NUMBER_OBJECT_CONVERSION = YES_AGGRESSIVE;
				CLANG_CXX_LANGUAGE_STANDARD = "gnu++14";
				CLANG_CXX_LIBRARY = "libc++";
				CLANG_ENABLE_MODULES = YES;
				CLANG_ENABLE_OBJC_ARC = YES;
				CLANG_ENABLE_OBJC_WEAK = YES;
				CLANG_WARN_BLOCK_CAPTURE_AUTORELEASING = YES;
				CLANG_WARN_BOOL_CONVERSION = YES;
				CLANG_WARN_COMMA = YES;
				CLANG_WARN_CONSTANT_CONVERSION = YES;
				CLANG_WARN_DEPRECATED_OBJC_IMPLEMENTATIONS = YES;
				CLANG_WARN_DIRECT_OBJC_ISA_USAGE = YES_ERROR;
				CLANG_WARN_DOCUMENTATION_COMMENTS = YES;
				CLANG_WARN_EMPTY_BODY = YES;
				CLANG_WARN_ENUM_CONVERSION = YES;
				CLANG_WARN_INFINITE_RECURSION = YES;
				CLANG_WARN_INT_CONVERSION = YES;
				CLANG_WARN_NON_LITERAL_NULL_CONVERSION = YES;
				CLANG_WARN_OBJC_IMPLICIT_RETAIN_SELF = YES;
				CLANG_WARN_OBJC_LITERAL_CONVERSION = YES;
				CLANG_WARN_OBJC_ROOT_CLASS = YES_ERROR;
				CLANG_WARN_RANGE_LOOP_ANALYSIS = YES;
				CLANG_WARN_STRICT_PROTOTYPES = YES;
				CLANG_WARN_SUSPICIOUS_MOVE = YES;
				CLANG_WARN_UNGUARDED_AVAILABILITY = YES_AGGRESSIVE;
				CLANG_WARN_UNREACHABLE_CODE = YES;
				CLANG_WARN__DUPLICATE_METHOD_MATCH = YES;
				COPY_PHASE_STRIP = NO;
				DEBUG_INFORMATION_FORMAT = "dwarf-with-dsym";
				ENABLE_NS_ASSERTIONS = NO;
				ENABLE_STRICT_OBJC_MSGSEND = YES;
				GCC_C_LANGUAGE_STANDARD = gnu11;
				GCC_NO_COMMON_BLOCKS = YES;
				GCC_WARN_64_TO_32_BIT_CONVERSION = YES;
				GCC_WARN_ABOUT_RETURN_TYPE = YES_ERROR;
				GCC_WARN_UNDECLARED_SELECTOR = YES;
				GCC_WARN_UNINITIALIZED_AUTOS = YES_AGGRESSIVE;
				GCC_WARN_UNUSED_FUNCTION = YES;
				GCC_WARN_UNUSED_VARIABLE = YES;
				IPHONEOS_DEPLOYMENT_TARGET = 13.2;
				MTL_ENABLE_DEBUG_INFO = NO;
				MTL_FAST_MATH = YES;
				SDKROOT = iphoneos;
				SWIFT_COMPILATION_MODE = wholemodule;
				SWIFT_OPTIMIZATION_LEVEL = "-O";
				VALIDATE_PRODUCT = YES;
			};
			name = Release;
		};
		3C8D6932240584DA003753F8 /* Debug */ = {
			isa = XCBuildConfiguration;
			buildSettings = {
				ASSETCATALOG_COMPILER_APPICON_NAME = AppIcon;
				CODE_SIGN_STYLE = Automatic;
				DEVELOPMENT_TEAM = 5T66U63575;
				INFOPLIST_FILE = homework1/Info.plist;
				LD_RUNPATH_SEARCH_PATHS = (
					"$(inherited)",
					"@executable_path/Frameworks",
				);
				PRODUCT_BUNDLE_IDENTIFIER = dajere.homework1;
				PRODUCT_NAME = "$(TARGET_NAME)";
				SWIFT_VERSION = 5.0;
				TARGETED_DEVICE_FAMILY = "1,2";
			};
			name = Debug;
		};
		3C8D6933240584DA003753F8 /* Release */ = {
			isa = XCBuildConfiguration;
			buildSettings = {
				ASSETCATALOG_COMPILER_APPICON_NAME = AppIcon;
				CODE_SIGN_STYLE = Automatic;
				DEVELOPMENT_TEAM = 5T66U63575;
				INFOPLIST_FILE = homework1/Info.plist;
				LD_RUNPATH_SEARCH_PATHS = (
					"$(inherited)",
					"@executable_path/Frameworks",
				);
				PRODUCT_BUNDLE_IDENTIFIER = dajere.homework1;
				PRODUCT_NAME = "$(TARGET_NAME)";
				SWIFT_VERSION = 5.0;
				TARGETED_DEVICE_FAMILY = "1,2";
			};
			name = Release;
		};
		3C8D6935240584DA003753F8 /* Debug */ = {
			isa = XCBuildConfiguration;
			buildSettings = {
				ALWAYS_EMBED_SWIFT_STANDARD_LIBRARIES = YES;
				BUNDLE_LOADER = "$(TEST_HOST)";
				CODE_SIGN_STYLE = Automatic;
				DEVELOPMENT_TEAM = 5T66U63575;
				INFOPLIST_FILE = homework1Tests/Info.plist;
				IPHONEOS_DEPLOYMENT_TARGET = 13.2;
				LD_RUNPATH_SEARCH_PATHS = (
					"$(inherited)",
					"@executable_path/Frameworks",
					"@loader_path/Frameworks",
				);
				PRODUCT_BUNDLE_IDENTIFIER = dajere.homework1Tests;
				PRODUCT_NAME = "$(TARGET_NAME)";
				SWIFT_VERSION = 5.0;
				TARGETED_DEVICE_FAMILY = "1,2";
				TEST_HOST = "$(BUILT_PRODUCTS_DIR)/homework1.app/homework1";
			};
			name = Debug;
		};
		3C8D6936240584DA003753F8 /* Release */ = {
			isa = XCBuildConfiguration;
			buildSettings = {
				ALWAYS_EMBED_SWIFT_STANDARD_LIBRARIES = YES;
				BUNDLE_LOADER = "$(TEST_HOST)";
				CODE_SIGN_STYLE = Automatic;
				DEVELOPMENT_TEAM = 5T66U63575;
				INFOPLIST_FILE = homework1Tests/Info.plist;
				IPHONEOS_DEPLOYMENT_TARGET = 13.2;
				LD_RUNPATH_SEARCH_PATHS = (
					"$(inherited)",
					"@executable_path/Frameworks",
					"@loader_path/Frameworks",
				);
				PRODUCT_BUNDLE_IDENTIFIER = dajere.homework1Tests;
				PRODUCT_NAME = "$(TARGET_NAME)";
				SWIFT_VERSION = 5.0;
				TARGETED_DEVICE_FAMILY = "1,2";
				TEST_HOST = "$(BUILT_PRODUCTS_DIR)/homework1.app/homework1";
			};
			name = Release;
		};
		3C8D6938240584DA003753F8 /* Debug */ = {
			isa = XCBuildConfiguration;
			buildSettings = {
				ALWAYS_EMBED_SWIFT_STANDARD_LIBRARIES = YES;
				CODE_SIGN_STYLE = Automatic;
				DEVELOPMENT_TEAM = 5T66U63575;
				INFOPLIST_FILE = homework1UITests/Info.plist;
				LD_RUNPATH_SEARCH_PATHS = (
					"$(inherited)",
					"@executable_path/Frameworks",
					"@loader_path/Frameworks",
				);
				PRODUCT_BUNDLE_IDENTIFIER = dajere.homework1UITests;
				PRODUCT_NAME = "$(TARGET_NAME)";
				SWIFT_VERSION = 5.0;
				TARGETED_DEVICE_FAMILY = "1,2";
				TEST_TARGET_NAME = homework1;
			};
			name = Debug;
		};
		3C8D6939240584DA003753F8 /* Release */ = {
			isa = XCBuildConfiguration;
			buildSettings = {
				ALWAYS_EMBED_SWIFT_STANDARD_LIBRARIES = YES;
				CODE_SIGN_STYLE = Automatic;
				DEVELOPMENT_TEAM = 5T66U63575;
				INFOPLIST_FILE = homework1UITests/Info.plist;
				LD_RUNPATH_SEARCH_PATHS = (
					"$(inherited)",
					"@executable_path/Frameworks",
					"@loader_path/Frameworks",
				);
				PRODUCT_BUNDLE_IDENTIFIER = dajere.homework1UITests;
				PRODUCT_NAME = "$(TARGET_NAME)";
				SWIFT_VERSION = 5.0;
				TARGETED_DEVICE_FAMILY = "1,2";
				TEST_TARGET_NAME = homework1;
			};
			name = Release;
		};
/* End XCBuildConfiguration section */

/* Begin XCConfigurationList section */
		3C8D6902240584D2003753F8 /* Build configuration list for PBXProject "homework1" */ = {
			isa = XCConfigurationList;
			buildConfigurations = (
				3C8D692F240584DA003753F8 /* Debug */,
				3C8D6930240584DA003753F8 /* Release */,
			);
			defaultConfigurationIsVisible = 0;
			defaultConfigurationName = Release;
		};
		3C8D6931240584DA003753F8 /* Build configuration list for PBXNativeTarget "homework1" */ = {
			isa = XCConfigurationList;
			buildConfigurations = (
				3C8D6932240584DA003753F8 /* Debug */,
				3C8D6933240584DA003753F8 /* Release */,
			);
			defaultConfigurationIsVisible = 0;
			defaultConfigurationName = Release;
		};
		3C8D6934240584DA003753F8 /* Build configuration list for PBXNativeTarget "homework1Tests" */ = {
			isa = XCConfigurationList;
			buildConfigurations = (
				3C8D6935240584DA003753F8 /* Debug */,
				3C8D6936240584DA003753F8 /* Release */,
			);
			defaultConfigurationIsVisible = 0;
			defaultConfigurationName = Release;
		};
		3C8D6937240584DA003753F8 /* Build configuration list for PBXNativeTarget "homework1UITests" */ = {
			isa = XCConfigurationList;
			buildConfigurations = (
				3C8D6938240584DA003753F8 /* Debug */,
				3C8D6939240584DA003753F8 /* Release */,
			);
			defaultConfigurationIsVisible = 0;
			defaultConfigurationName = Release;
		};
/* End XCConfigurationList section */
	};
	rootObject = 3C8D68FF240584D2003753F8 /* Project object */;
}
