// !$*UTF8*$!
{
	archiveVersion = 1;
	classes = {
	};
	objectVersion = 50;
	objects = {

/* Begin PBXBuildFile section */
		3C522908245F9F3E00138D43 /* AppDelegate.swift in Sources */ = {isa = PBXBuildFile; fileRef = 3C522907245F9F3E00138D43 /* AppDelegate.swift */; };
		3C52290A245F9F3E00138D43 /* SceneDelegate.swift in Sources */ = {isa = PBXBuildFile; fileRef = 3C522909245F9F3E00138D43 /* SceneDelegate.swift */; };
		3C52290C245F9F3E00138D43 /* ViewController.swift in Sources */ = {isa = PBXBuildFile; fileRef = 3C52290B245F9F3E00138D43 /* ViewController.swift */; };
		3C52290F245F9F3E00138D43 /* Main.storyboard in Resources */ = {isa = PBXBuildFile; fileRef = 3C52290D245F9F3E00138D43 /* Main.storyboard */; };
		3C522911245F9F4200138D43 /* Assets.xcassets in Resources */ = {isa = PBXBuildFile; fileRef = 3C522910245F9F4200138D43 /* Assets.xcassets */; };
		3C522914245F9F4200138D43 /* LaunchScreen.storyboard in Resources */ = {isa = PBXBuildFile; fileRef = 3C522912245F9F4200138D43 /* LaunchScreen.storyboard */; };
		3C52291F245F9F4300138D43 /* calculatorTests.swift in Sources */ = {isa = PBXBuildFile; fileRef = 3C52291E245F9F4300138D43 /* calculatorTests.swift */; };
		3C52292A245F9F4300138D43 /* calculatorUITests.swift in Sources */ = {isa = PBXBuildFile; fileRef = 3C522929245F9F4300138D43 /* calculatorUITests.swift */; };
/* End PBXBuildFile section */

/* Begin PBXContainerItemProxy section */
		3C52291B245F9F4300138D43 /* PBXContainerItemProxy */ = {
			isa = PBXContainerItemProxy;
			containerPortal = 3C5228FC245F9F3E00138D43 /* Project object */;
			proxyType = 1;
			remoteGlobalIDString = 3C522903245F9F3E00138D43;
			remoteInfo = calculator;
		};
		3C522926245F9F4300138D43 /* PBXContainerItemProxy */ = {
			isa = PBXContainerItemProxy;
			containerPortal = 3C5228FC245F9F3E00138D43 /* Project object */;
			proxyType = 1;
			remoteGlobalIDString = 3C522903245F9F3E00138D43;
			remoteInfo = calculator;
		};
/* End PBXContainerItemProxy section */

/* Begin PBXFileReference section */
		3C522904245F9F3E00138D43 /* calculator.app */ = {isa = PBXFileReference; explicitFileType = wrapper.application; includeInIndex = 0; path = calculator.app; sourceTree = BUILT_PRODUCTS_DIR; };
		3C522907245F9F3E00138D43 /* AppDelegate.swift */ = {isa = PBXFileReference; lastKnownFileType = sourcecode.swift; path = AppDelegate.swift; sourceTree = "<group>"; };
		3C522909245F9F3E00138D43 /* SceneDelegate.swift */ = {isa = PBXFileReference; lastKnownFileType = sourcecode.swift; path = SceneDelegate.swift; sourceTree = "<group>"; };
		3C52290B245F9F3E00138D43 /* ViewController.swift */ = {isa = PBXFileReference; lastKnownFileType = sourcecode.swift; path = ViewController.swift; sourceTree = "<group>"; };
		3C52290E245F9F3E00138D43 /* Base */ = {isa = PBXFileReference; lastKnownFileType = file.storyboard; name = Base; path = Base.lproj/Main.storyboard; sourceTree = "<group>"; };
		3C522910245F9F4200138D43 /* Assets.xcassets */ = {isa = PBXFileReference; lastKnownFileType = folder.assetcatalog; path = Assets.xcassets; sourceTree = "<group>"; };
		3C522913245F9F4200138D43 /* Base */ = {isa = PBXFileReference; lastKnownFileType = file.storyboard; name = Base; path = Base.lproj/LaunchScreen.storyboard; sourceTree = "<group>"; };
		3C522915245F9F4200138D43 /* Info.plist */ = {isa = PBXFileReference; lastKnownFileType = text.plist.xml; path = Info.plist; sourceTree = "<group>"; };
		3C52291A245F9F4300138D43 /* calculatorTests.xctest */ = {isa = PBXFileReference; explicitFileType = wrapper.cfbundle; includeInIndex = 0; path = calculatorTests.xctest; sourceTree = BUILT_PRODUCTS_DIR; };
		3C52291E245F9F4300138D43 /* calculatorTests.swift */ = {isa = PBXFileReference; lastKnownFileType = sourcecode.swift; path = calculatorTests.swift; sourceTree = "<group>"; };
		3C522920245F9F4300138D43 /* Info.plist */ = {isa = PBXFileReference; lastKnownFileType = text.plist.xml; path = Info.plist; sourceTree = "<group>"; };
		3C522925245F9F4300138D43 /* calculatorUITests.xctest */ = {isa = PBXFileReference; explicitFileType = wrapper.cfbundle; includeInIndex = 0; path = calculatorUITests.xctest; sourceTree = BUILT_PRODUCTS_DIR; };
		3C522929245F9F4300138D43 /* calculatorUITests.swift */ = {isa = PBXFileReference; lastKnownFileType = sourcecode.swift; path = calculatorUITests.swift; sourceTree = "<group>"; };
		3C52292B245F9F4300138D43 /* Info.plist */ = {isa = PBXFileReference; lastKnownFileType = text.plist.xml; path = Info.plist; sourceTree = "<group>"; };
/* End PBXFileReference section */

/* Begin PBXFrameworksBuildPhase section */
		3C522901245F9F3E00138D43 /* Frameworks */ = {
			isa = PBXFrameworksBuildPhase;
			buildActionMask = 2147483647;
			files = (
			);
			runOnlyForDeploymentPostprocessing = 0;
		};
		3C522917245F9F4300138D43 /* Frameworks */ = {
			isa = PBXFrameworksBuildPhase;
			buildActionMask = 2147483647;
			files = (
			);
			runOnlyForDeploymentPostprocessing = 0;
		};
		3C522922245F9F4300138D43 /* Frameworks */ = {
			isa = PBXFrameworksBuildPhase;
			buildActionMask = 2147483647;
			files = (
			);
			runOnlyForDeploymentPostprocessing = 0;
		};
/* End PBXFrameworksBuildPhase section */

/* Begin PBXGroup section */
		3C5228FB245F9F3E00138D43 = {
			isa = PBXGroup;
			children = (
				3C522906245F9F3E00138D43 /* calculator */,
				3C52291D245F9F4300138D43 /* calculatorTests */,
				3C522928245F9F4300138D43 /* calculatorUITests */,
				3C522905245F9F3E00138D43 /* Products */,
			);
			sourceTree = "<group>";
		};
		3C522905245F9F3E00138D43 /* Products */ = {
			isa = PBXGroup;
			children = (
				3C522904245F9F3E00138D43 /* calculator.app */,
				3C52291A245F9F4300138D43 /* calculatorTests.xctest */,
				3C522925245F9F4300138D43 /* calculatorUITests.xctest */,
			);
			name = Products;
			sourceTree = "<group>";
		};
		3C522906245F9F3E00138D43 /* calculator */ = {
			isa = PBXGroup;
			children = (
				3C522907245F9F3E00138D43 /* AppDelegate.swift */,
				3C522909245F9F3E00138D43 /* SceneDelegate.swift */,
				3C52290B245F9F3E00138D43 /* ViewController.swift */,
				3C52290D245F9F3E00138D43 /* Main.storyboard */,
				3C522910245F9F4200138D43 /* Assets.xcassets */,
				3C522912245F9F4200138D43 /* LaunchScreen.storyboard */,
				3C522915245F9F4200138D43 /* Info.plist */,
			);
			path = calculator;
			sourceTree = "<group>";
		};
		3C52291D245F9F4300138D43 /* calculatorTests */ = {
			isa = PBXGroup;
			children = (
				3C52291E245F9F4300138D43 /* calculatorTests.swift */,
				3C522920245F9F4300138D43 /* Info.plist */,
			);
			path = calculatorTests;
			sourceTree = "<group>";
		};
		3C522928245F9F4300138D43 /* calculatorUITests */ = {
			isa = PBXGroup;
			children = (
				3C522929245F9F4300138D43 /* calculatorUITests.swift */,
				3C52292B245F9F4300138D43 /* Info.plist */,
			);
			path = calculatorUITests;
			sourceTree = "<group>";
		};
/* End PBXGroup section */

/* Begin PBXNativeTarget section */
		3C522903245F9F3E00138D43 /* calculator */ = {
			isa = PBXNativeTarget;
			buildConfigurationList = 3C52292E245F9F4300138D43 /* Build configuration list for PBXNativeTarget "calculator" */;
			buildPhases = (
				3C522900245F9F3E00138D43 /* Sources */,
				3C522901245F9F3E00138D43 /* Frameworks */,
				3C522902245F9F3E00138D43 /* Resources */,
			);
			buildRules = (
			);
			dependencies = (
			);
			name = calculator;
			productName = calculator;
			productReference = 3C522904245F9F3E00138D43 /* calculator.app */;
			productType = "com.apple.product-type.application";
		};
		3C522919245F9F4300138D43 /* calculatorTests */ = {
			isa = PBXNativeTarget;
			buildConfigurationList = 3C522931245F9F4300138D43 /* Build configuration list for PBXNativeTarget "calculatorTests" */;
			buildPhases = (
				3C522916245F9F4300138D43 /* Sources */,
				3C522917245F9F4300138D43 /* Frameworks */,
				3C522918245F9F4300138D43 /* Resources */,
			);
			buildRules = (
			);
			dependencies = (
				3C52291C245F9F4300138D43 /* PBXTargetDependency */,
			);
			name = calculatorTests;
			productName = calculatorTests;
			productReference = 3C52291A245F9F4300138D43 /* calculatorTests.xctest */;
			productType = "com.apple.product-type.bundle.unit-test";
		};
		3C522924245F9F4300138D43 /* calculatorUITests */ = {
			isa = PBXNativeTarget;
			buildConfigurationList = 3C522934245F9F4300138D43 /* Build configuration list for PBXNativeTarget "calculatorUITests" */;
			buildPhases = (
				3C522921245F9F4300138D43 /* Sources */,
				3C522922245F9F4300138D43 /* Frameworks */,
				3C522923245F9F4300138D43 /* Resources */,
			);
			buildRules = (
			);
			dependencies = (
				3C522927245F9F4300138D43 /* PBXTargetDependency */,
			);
			name = calculatorUITests;
			productName = calculatorUITests;
			productReference = 3C522925245F9F4300138D43 /* calculatorUITests.xctest */;
			productType = "com.apple.product-type.bundle.ui-testing";
		};
/* End PBXNativeTarget section */

/* Begin PBXProject section */
		3C5228FC245F9F3E00138D43 /* Project object */ = {
			isa = PBXProject;
			attributes = {
				LastSwiftUpdateCheck = 1140;
				LastUpgradeCheck = 1140;
				ORGANIZATIONNAME = "dajere kyree newby";
				TargetAttributes = {
					3C522903245F9F3E00138D43 = {
						CreatedOnToolsVersion = 11.4.1;
					};
					3C522919245F9F4300138D43 = {
						CreatedOnToolsVersion = 11.4.1;
						TestTargetID = 3C522903245F9F3E00138D43;
					};
					3C522924245F9F4300138D43 = {
						CreatedOnToolsVersion = 11.4.1;
						TestTargetID = 3C522903245F9F3E00138D43;
					};
				};
			};
			buildConfigurationList = 3C5228FF245F9F3E00138D43 /* Build configuration list for PBXProject "calculator" */;
			compatibilityVersion = "Xcode 9.3";
			developmentRegion = en;
			hasScannedForEncodings = 0;
			knownRegions = (
				en,
				Base,
			);
			mainGroup = 3C5228FB245F9F3E00138D43;
			productRefGroup = 3C522905245F9F3E00138D43 /* Products */;
			projectDirPath = "";
			projectRoot = "";
			targets = (
				3C522903245F9F3E00138D43 /* calculator */,
				3C522919245F9F4300138D43 /* calculatorTests */,
				3C522924245F9F4300138D43 /* calculatorUITests */,
			);
		};
/* End PBXProject section */

/* Begin PBXResourcesBuildPhase section */
		3C522902245F9F3E00138D43 /* Resources */ = {
			isa = PBXResourcesBuildPhase;
			buildActionMask = 2147483647;
			files = (
				3C522914245F9F4200138D43 /* LaunchScreen.storyboard in Resources */,
				3C522911245F9F4200138D43 /* Assets.xcassets in Resources */,
				3C52290F245F9F3E00138D43 /* Main.storyboard in Resources */,
			);
			runOnlyForDeploymentPostprocessing = 0;
		};
		3C522918245F9F4300138D43 /* Resources */ = {
			isa = PBXResourcesBuildPhase;
			buildActionMask = 2147483647;
			files = (
			);
			runOnlyForDeploymentPostprocessing = 0;
		};
		3C522923245F9F4300138D43 /* Resources */ = {
			isa = PBXResourcesBuildPhase;
			buildActionMask = 2147483647;
			files = (
			);
			runOnlyForDeploymentPostprocessing = 0;
		};
/* End PBXResourcesBuildPhase section */

/* Begin PBXSourcesBuildPhase section */
		3C522900245F9F3E00138D43 /* Sources */ = {
			isa = PBXSourcesBuildPhase;
			buildActionMask = 2147483647;
			files = (
				3C52290C245F9F3E00138D43 /* ViewController.swift in Sources */,
				3C522908245F9F3E00138D43 /* AppDelegate.swift in Sources */,
				3C52290A245F9F3E00138D43 /* SceneDelegate.swift in Sources */,
			);
			runOnlyForDeploymentPostprocessing = 0;
		};
		3C522916245F9F4300138D43 /* Sources */ = {
			isa = PBXSourcesBuildPhase;
			buildActionMask = 2147483647;
			files = (
				3C52291F245F9F4300138D43 /* calculatorTests.swift in Sources */,
			);
			runOnlyForDeploymentPostprocessing = 0;
		};
		3C522921245F9F4300138D43 /* Sources */ = {
			isa = PBXSourcesBuildPhase;
			buildActionMask = 2147483647;
			files = (
				3C52292A245F9F4300138D43 /* calculatorUITests.swift in Sources */,
			);
			runOnlyForDeploymentPostprocessing = 0;
		};
/* End PBXSourcesBuildPhase section */

/* Begin PBXTargetDependency section */
		3C52291C245F9F4300138D43 /* PBXTargetDependency */ = {
			isa = PBXTargetDependency;
			target = 3C522903245F9F3E00138D43 /* calculator */;
			targetProxy = 3C52291B245F9F4300138D43 /* PBXContainerItemProxy */;
		};
		3C522927245F9F4300138D43 /* PBXTargetDependency */ = {
			isa = PBXTargetDependency;
			target = 3C522903245F9F3E00138D43 /* calculator */;
			targetProxy = 3C522926245F9F4300138D43 /* PBXContainerItemProxy */;
		};
/* End PBXTargetDependency section */

/* Begin PBXVariantGroup section */
		3C52290D245F9F3E00138D43 /* Main.storyboard */ = {
			isa = PBXVariantGroup;
			children = (
				3C52290E245F9F3E00138D43 /* Base */,
			);
			name = Main.storyboard;
			sourceTree = "<group>";
		};
		3C522912245F9F4200138D43 /* LaunchScreen.storyboard */ = {
			isa = PBXVariantGroup;
			children = (
				3C522913245F9F4200138D43 /* Base */,
			);
			name = LaunchScreen.storyboard;
			sourceTree = "<group>";
		};
/* End PBXVariantGroup section */

/* Begin XCBuildConfiguration section */
		3C52292C245F9F4300138D43 /* Debug */ = {
			isa = XCBuildConfiguration;
			buildSettings = {
				ALWAYS_SEARCH_USER_PATHS = NO;
				CLANG_ANALYZER_NONNULL = YES;
				CLANG_ANALYZER_NUMBER_OBJECT_CONVERSION = YES_AGGRESSIVE;
				CLANG_CXX_LANGUAGE_STANDARD = "gnu++14";
				CLANG_CXX_LIBRARY = "libc++";
				CLANG_ENABLE_MODULES = YES;
				CLANG_ENABLE_OBJC_ARC = YES;
				CLANG_ENABLE_OBJC_WEAK = YES;
				CLANG_WARN_BLOCK_CAPTURE_AUTORELEASING = YES;
				CLANG_WARN_BOOL_CONVERSION = YES;
				CLANG_WARN_COMMA = YES;
				CLANG_WARN_CONSTANT_CONVERSION = YES;
				CLANG_WARN_DEPRECATED_OBJC_IMPLEMENTATIONS = YES;
				CLANG_WARN_DIRECT_OBJC_ISA_USAGE = YES_ERROR;
				CLANG_WARN_DOCUMENTATION_COMMENTS = YES;
				CLANG_WARN_EMPTY_BODY = YES;
				CLANG_WARN_ENUM_CONVERSION = YES;
				CLANG_WARN_INFINITE_RECURSION = YES;
				CLANG_WARN_INT_CONVERSION = YES;
				CLANG_WARN_NON_LITERAL_NULL_CONVERSION = YES;
				CLANG_WARN_OBJC_IMPLICIT_RETAIN_SELF = YES;
				CLANG_WARN_OBJC_LITERAL_CONVERSION = YES;
				CLANG_WARN_OBJC_ROOT_CLASS = YES_ERROR;
				CLANG_WARN_RANGE_LOOP_ANALYSIS = YES;
				CLANG_WARN_STRICT_PROTOTYPES = YES;
				CLANG_WARN_SUSPICIOUS_MOVE = YES;
				CLANG_WARN_UNGUARDED_AVAILABILITY = YES_AGGRESSIVE;
				CLANG_WARN_UNREACHABLE_CODE = YES;
				CLANG_WARN__DUPLICATE_METHOD_MATCH = YES;
				COPY_PHASE_STRIP = NO;
				DEBUG_INFORMATION_FORMAT = dwarf;
				ENABLE_STRICT_OBJC_MSGSEND = YES;
				ENABLE_TESTABILITY = YES;
				GCC_C_LANGUAGE_STANDARD = gnu11;
				GCC_DYNAMIC_NO_PIC = NO;
				GCC_NO_COMMON_BLOCKS = YES;
				GCC_OPTIMIZATION_LEVEL = 0;
				GCC_PREPROCESSOR_DEFINITIONS = (
					"DEBUG=1",
					"$(inherited)",
				);
				GCC_WARN_64_TO_32_BIT_CONVERSION = YES;
				GCC_WARN_ABOUT_RETURN_TYPE = YES_ERROR;
				GCC_WARN_UNDECLARED_SELECTOR = YES;
				GCC_WARN_UNINITIALIZED_AUTOS = YES_AGGRESSIVE;
				GCC_WARN_UNUSED_FUNCTION = YES;
				GCC_WARN_UNUSED_VARIABLE = YES;
				IPHONEOS_DEPLOYMENT_TARGET = 13.4;
				MTL_ENABLE_DEBUG_INFO = INCLUDE_SOURCE;
				MTL_FAST_MATH = YES;
				ONLY_ACTIVE_ARCH = YES;
				SDKROOT = iphoneos;
				SWIFT_ACTIVE_COMPILATION_CONDITIONS = DEBUG;
				SWIFT_OPTIMIZATION_LEVEL = "-Onone";
			};
			name = Debug;
		};
		3C52292D245F9F4300138D43 /* Release */ = {
			isa = XCBuildConfiguration;
			buildSettings = {
				ALWAYS_SEARCH_USER_PATHS = NO;
				CLANG_ANALYZER_NONNULL = YES;
				CLANG_ANALYZER_NUMBER_OBJECT_CONVERSION = YES_AGGRESSIVE;
				CLANG_CXX_LANGUAGE_STANDARD = "gnu++14";
				CLANG_CXX_LIBRARY = "libc++";
				CLANG_ENABLE_MODULES = YES;
				CLANG_ENABLE_OBJC_ARC = YES;
				CLANG_ENABLE_OBJC_WEAK = YES;
				CLANG_WARN_BLOCK_CAPTURE_AUTORELEASING = YES;
				CLANG_WARN_BOOL_CONVERSION = YES;
				CLANG_WARN_COMMA = YES;
				CLANG_WARN_CONSTANT_CONVERSION = YES;
				CLANG_WARN_DEPRECATED_OBJC_IMPLEMENTATIONS = YES;
				CLANG_WARN_DIRECT_OBJC_ISA_USAGE = YES_ERROR;
				CLANG_WARN_DOCUMENTATION_COMMENTS = YES;
				CLANG_WARN_EMPTY_BODY = YES;
				CLANG_WARN_ENUM_CONVERSION = YES;
				CLANG_WARN_INFINITE_RECURSION = YES;
				CLANG_WARN_INT_CONVERSION = YES;
				CLANG_WARN_NON_LITERAL_NULL_CONVERSION = YES;
				CLANG_WARN_OBJC_IMPLICIT_RETAIN_SELF = YES;
				CLANG_WARN_OBJC_LITERAL_CONVERSION = YES;
				CLANG_WARN_OBJC_ROOT_CLASS = YES_ERROR;
				CLANG_WARN_RANGE_LOOP_ANALYSIS = YES;
				CLANG_WARN_STRICT_PROTOTYPES = YES;
				CLANG_WARN_SUSPICIOUS_MOVE = YES;
				CLANG_WARN_UNGUARDED_AVAILABILITY = YES_AGGRESSIVE;
				CLANG_WARN_UNREACHABLE_CODE = YES;
				CLANG_WARN__DUPLICATE_METHOD_MATCH = YES;
				COPY_PHASE_STRIP = NO;
				DEBUG_INFORMATION_FORMAT = "dwarf-with-dsym";
				ENABLE_NS_ASSERTIONS = NO;
				ENABLE_STRICT_OBJC_MSGSEND = YES;
				GCC_C_LANGUAGE_STANDARD = gnu11;
				GCC_NO_COMMON_BLOCKS = YES;
				GCC_WARN_64_TO_32_BIT_CONVERSION = YES;
				GCC_WARN_ABOUT_RETURN_TYPE = YES_ERROR;
				GCC_WARN_UNDECLARED_SELECTOR = YES;
				GCC_WARN_UNINITIALIZED_AUTOS = YES_AGGRESSIVE;
				GCC_WARN_UNUSED_FUNCTION = YES;
				GCC_WARN_UNUSED_VARIABLE = YES;
				IPHONEOS_DEPLOYMENT_TARGET = 13.4;
				MTL_ENABLE_DEBUG_INFO = NO;
				MTL_FAST_MATH = YES;
				SDKROOT = iphoneos;
				SWIFT_COMPILATION_MODE = wholemodule;
				SWIFT_OPTIMIZATION_LEVEL = "-O";
				VALIDATE_PRODUCT = YES;
			};
			name = Release;
		};
		3C52292F245F9F4300138D43 /* Debug */ = {
			isa = XCBuildConfiguration;
			buildSettings = {
				ASSETCATALOG_COMPILER_APPICON_NAME = AppIcon;
				CODE_SIGN_STYLE = Automatic;
				DEVELOPMENT_TEAM = 5T66U63575;
				INFOPLIST_FILE = calculator/Info.plist;
				LD_RUNPATH_SEARCH_PATHS = (
					"$(inherited)",
					"@executable_path/Frameworks",
				);
				PRODUCT_BUNDLE_IDENTIFIER = dajere.calculator;
				PRODUCT_NAME = "$(TARGET_NAME)";
				SWIFT_VERSION = 5.0;
				TARGETED_DEVICE_FAMILY = "1,2";
			};
			name = Debug;
		};
		3C522930245F9F4300138D43 /* Release */ = {
			isa = XCBuildConfiguration;
			buildSettings = {
				ASSETCATALOG_COMPILER_APPICON_NAME = AppIcon;
				CODE_SIGN_STYLE = Automatic;
				DEVELOPMENT_TEAM = 5T66U63575;
				INFOPLIST_FILE = calculator/Info.plist;
				LD_RUNPATH_SEARCH_PATHS = (
					"$(inherited)",
					"@executable_path/Frameworks",
				);
				PRODUCT_BUNDLE_IDENTIFIER = dajere.calculator;
				PRODUCT_NAME = "$(TARGET_NAME)";
				SWIFT_VERSION = 5.0;
				TARGETED_DEVICE_FAMILY = "1,2";
			};
			name = Release;
		};
		3C522932245F9F4300138D43 /* Debug */ = {
			isa = XCBuildConfiguration;
			buildSettings = {
				ALWAYS_EMBED_SWIFT_STANDARD_LIBRARIES = YES;
				BUNDLE_LOADER = "$(TEST_HOST)";
				CODE_SIGN_STYLE = Automatic;
				DEVELOPMENT_TEAM = 5T66U63575;
				INFOPLIST_FILE = calculatorTests/Info.plist;
				IPHONEOS_DEPLOYMENT_TARGET = 13.4;
				LD_RUNPATH_SEARCH_PATHS = (
					"$(inherited)",
					"@executable_path/Frameworks",
					"@loader_path/Frameworks",
				);
				PRODUCT_BUNDLE_IDENTIFIER = dajere.calculatorTests;
				PRODUCT_NAME = "$(TARGET_NAME)";
				SWIFT_VERSION = 5.0;
				TARGETED_DEVICE_FAMILY = "1,2";
				TEST_HOST = "$(BUILT_PRODUCTS_DIR)/calculator.app/calculator";
			};
			name = Debug;
		};
		3C522933245F9F4300138D43 /* Release */ = {
			isa = XCBuildConfiguration;
			buildSettings = {
				ALWAYS_EMBED_SWIFT_STANDARD_LIBRARIES = YES;
				BUNDLE_LOADER = "$(TEST_HOST)";
				CODE_SIGN_STYLE = Automatic;
				DEVELOPMENT_TEAM = 5T66U63575;
				INFOPLIST_FILE = calculatorTests/Info.plist;
				IPHONEOS_DEPLOYMENT_TARGET = 13.4;
				LD_RUNPATH_SEARCH_PATHS = (
					"$(inherited)",
					"@executable_path/Frameworks",
					"@loader_path/Frameworks",
				);
				PRODUCT_BUNDLE_IDENTIFIER = dajere.calculatorTests;
				PRODUCT_NAME = "$(TARGET_NAME)";
				SWIFT_VERSION = 5.0;
				TARGETED_DEVICE_FAMILY = "1,2";
				TEST_HOST = "$(BUILT_PRODUCTS_DIR)/calculator.app/calculator";
			};
			name = Release;
		};
		3C522935245F9F4300138D43 /* Debug */ = {
			isa = XCBuildConfiguration;
			buildSettings = {
				ALWAYS_EMBED_SWIFT_STANDARD_LIBRARIES = YES;
				CODE_SIGN_STYLE = Automatic;
				DEVELOPMENT_TEAM = 5T66U63575;
				INFOPLIST_FILE = calculatorUITests/Info.plist;
				LD_RUNPATH_SEARCH_PATHS = (
					"$(inherited)",
					"@executable_path/Frameworks",
					"@loader_path/Frameworks",
				);
				PRODUCT_BUNDLE_IDENTIFIER = dajere.calculatorUITests;
				PRODUCT_NAME = "$(TARGET_NAME)";
				SWIFT_VERSION = 5.0;
				TARGETED_DEVICE_FAMILY = "1,2";
				TEST_TARGET_NAME = calculator;
			};
			name = Debug;
		};
		3C522936245F9F4300138D43 /* Release */ = {
			isa = XCBuildConfiguration;
			buildSettings = {
				ALWAYS_EMBED_SWIFT_STANDARD_LIBRARIES = YES;
				CODE_SIGN_STYLE = Automatic;
				DEVELOPMENT_TEAM = 5T66U63575;
				INFOPLIST_FILE = calculatorUITests/Info.plist;
				LD_RUNPATH_SEARCH_PATHS = (
					"$(inherited)",
					"@executable_path/Frameworks",
					"@loader_path/Frameworks",
				);
				PRODUCT_BUNDLE_IDENTIFIER = dajere.calculatorUITests;
				PRODUCT_NAME = "$(TARGET_NAME)";
				SWIFT_VERSION = 5.0;
				TARGETED_DEVICE_FAMILY = "1,2";
				TEST_TARGET_NAME = calculator;
			};
			name = Release;
		};
/* End XCBuildConfiguration section */

/* Begin XCConfigurationList section */
		3C5228FF245F9F3E00138D43 /* Build configuration list for PBXProject "calculator" */ = {
			isa = XCConfigurationList;
			buildConfigurations = (
				3C52292C245F9F4300138D43 /* Debug */,
				3C52292D245F9F4300138D43 /* Release */,
			);
			defaultConfigurationIsVisible = 0;
			defaultConfigurationName = Release;
		};
		3C52292E245F9F4300138D43 /* Build configuration list for PBXNativeTarget "calculator" */ = {
			isa = XCConfigurationList;
			buildConfigurations = (
				3C52292F245F9F4300138D43 /* Debug */,
				3C522930245F9F4300138D43 /* Release */,
			);
			defaultConfigurationIsVisible = 0;
			defaultConfigurationName = Release;
		};
		3C522931245F9F4300138D43 /* Build configuration list for PBXNativeTarget "calculatorTests" */ = {
			isa = XCConfigurationList;
			buildConfigurations = (
				3C522932245F9F4300138D43 /* Debug */,
				3C522933245F9F4300138D43 /* Release */,
			);
			defaultConfigurationIsVisible = 0;
			defaultConfigurationName = Release;
		};
		3C522934245F9F4300138D43 /* Build configuration list for PBXNativeTarget "calculatorUITests" */ = {
			isa = XCConfigurationList;
			buildConfigurations = (
				3C522935245F9F4300138D43 /* Debug */,
				3C522936245F9F4300138D43 /* Release */,
			);
			defaultConfigurationIsVisible = 0;
			defaultConfigurationName = Release;
		};
/* End XCConfigurationList section */
	};
	rootObject = 3C5228FC245F9F3E00138D43 /* Project object */;
}
