// !$*UTF8*$!
{
	archiveVersion = 1;
	classes = {
	};
	objectVersion = 50;
	objects = {

/* Begin PBXBuildFile section */
		3C5228CC245F8BA000138D43 /* AppDelegate.swift in Sources */ = {isa = PBXBuildFile; fileRef = 3C5228CB245F8BA000138D43 /* AppDelegate.swift */; };
		3C5228CE245F8BA000138D43 /* SceneDelegate.swift in Sources */ = {isa = PBXBuildFile; fileRef = 3C5228CD245F8BA000138D43 /* SceneDelegate.swift */; };
		3C5228D0245F8BA000138D43 /* ViewController.swift in Sources */ = {isa = PBXBuildFile; fileRef = 3C5228CF245F8BA000138D43 /* ViewController.swift */; };
		3C5228D3245F8BA000138D43 /* Main.storyboard in Resources */ = {isa = PBXBuildFile; fileRef = 3C5228D1245F8BA000138D43 /* Main.storyboard */; };
		3C5228D5245F8BA900138D43 /* Assets.xcassets in Resources */ = {isa = PBXBuildFile; fileRef = 3C5228D4245F8BA900138D43 /* Assets.xcassets */; };
		3C5228D8245F8BA900138D43 /* LaunchScreen.storyboard in Resources */ = {isa = PBXBuildFile; fileRef = 3C5228D6245F8BA900138D43 /* LaunchScreen.storyboard */; };
		3C5228E3245F8BAA00138D43 /* final_projectTests.swift in Sources */ = {isa = PBXBuildFile; fileRef = 3C5228E2245F8BAA00138D43 /* final_projectTests.swift */; };
		3C5228EE245F8BAA00138D43 /* final_projectUITests.swift in Sources */ = {isa = PBXBuildFile; fileRef = 3C5228ED245F8BAA00138D43 /* final_projectUITests.swift */; };
/* End PBXBuildFile section */

/* Begin PBXContainerItemProxy section */
		3C5228DF245F8BAA00138D43 /* PBXContainerItemProxy */ = {
			isa = PBXContainerItemProxy;
			containerPortal = 3C5228C0245F8B9F00138D43 /* Project object */;
			proxyType = 1;
			remoteGlobalIDString = 3C5228C7245F8B9F00138D43;
			remoteInfo = "final project";
		};
		3C5228EA245F8BAA00138D43 /* PBXContainerItemProxy */ = {
			isa = PBXContainerItemProxy;
			containerPortal = 3C5228C0245F8B9F00138D43 /* Project object */;
			proxyType = 1;
			remoteGlobalIDString = 3C5228C7245F8B9F00138D43;
			remoteInfo = "final project";
		};
/* End PBXContainerItemProxy section */

/* Begin PBXFileReference section */
		3C5228C8245F8B9F00138D43 /* final project.app */ = {isa = PBXFileReference; explicitFileType = wrapper.application; includeInIndex = 0; path = "final project.app"; sourceTree = BUILT_PRODUCTS_DIR; };
		3C5228CB245F8BA000138D43 /* AppDelegate.swift */ = {isa = PBXFileReference; lastKnownFileType = sourcecode.swift; path = AppDelegate.swift; sourceTree = "<group>"; };
		3C5228CD245F8BA000138D43 /* SceneDelegate.swift */ = {isa = PBXFileReference; lastKnownFileType = sourcecode.swift; path = SceneDelegate.swift; sourceTree = "<group>"; };
		3C5228CF245F8BA000138D43 /* ViewController.swift */ = {isa = PBXFileReference; lastKnownFileType = sourcecode.swift; path = ViewController.swift; sourceTree = "<group>"; };
		3C5228D2245F8BA000138D43 /* Base */ = {isa = PBXFileReference; lastKnownFileType = file.storyboard; name = Base; path = Base.lproj/Main.storyboard; sourceTree = "<group>"; };
		3C5228D4245F8BA900138D43 /* Assets.xcassets */ = {isa = PBXFileReference; lastKnownFileType = folder.assetcatalog; path = Assets.xcassets; sourceTree = "<group>"; };
		3C5228D7245F8BA900138D43 /* Base */ = {isa = PBXFileReference; lastKnownFileType = file.storyboard; name = Base; path = Base.lproj/LaunchScreen.storyboard; sourceTree = "<group>"; };
		3C5228D9245F8BA900138D43 /* Info.plist */ = {isa = PBXFileReference; lastKnownFileType = text.plist.xml; path = Info.plist; sourceTree = "<group>"; };
		3C5228DE245F8BAA00138D43 /* final projectTests.xctest */ = {isa = PBXFileReference; explicitFileType = wrapper.cfbundle; includeInIndex = 0; path = "final projectTests.xctest"; sourceTree = BUILT_PRODUCTS_DIR; };
		3C5228E2245F8BAA00138D43 /* final_projectTests.swift */ = {isa = PBXFileReference; lastKnownFileType = sourcecode.swift; path = final_projectTests.swift; sourceTree = "<group>"; };
		3C5228E4245F8BAA00138D43 /* Info.plist */ = {isa = PBXFileReference; lastKnownFileType = text.plist.xml; path = Info.plist; sourceTree = "<group>"; };
		3C5228E9245F8BAA00138D43 /* final projectUITests.xctest */ = {isa = PBXFileReference; explicitFileType = wrapper.cfbundle; includeInIndex = 0; path = "final projectUITests.xctest"; sourceTree = BUILT_PRODUCTS_DIR; };
		3C5228ED245F8BAA00138D43 /* final_projectUITests.swift */ = {isa = PBXFileReference; lastKnownFileType = sourcecode.swift; path = final_projectUITests.swift; sourceTree = "<group>"; };
		3C5228EF245F8BAA00138D43 /* Info.plist */ = {isa = PBXFileReference; lastKnownFileType = text.plist.xml; path = Info.plist; sourceTree = "<group>"; };
/* End PBXFileReference section */

/* Begin PBXFrameworksBuildPhase section */
		3C5228C5245F8B9F00138D43 /* Frameworks */ = {
			isa = PBXFrameworksBuildPhase;
			buildActionMask = 2147483647;
			files = (
			);
			runOnlyForDeploymentPostprocessing = 0;
		};
		3C5228DB245F8BAA00138D43 /* Frameworks */ = {
			isa = PBXFrameworksBuildPhase;
			buildActionMask = 2147483647;
			files = (
			);
			runOnlyForDeploymentPostprocessing = 0;
		};
		3C5228E6245F8BAA00138D43 /* Frameworks */ = {
			isa = PBXFrameworksBuildPhase;
			buildActionMask = 2147483647;
			files = (
			);
			runOnlyForDeploymentPostprocessing = 0;
		};
/* End PBXFrameworksBuildPhase section */

/* Begin PBXGroup section */
		3C5228BF245F8B9F00138D43 = {
			isa = PBXGroup;
			children = (
				3C5228CA245F8BA000138D43 /* final project */,
				3C5228E1245F8BAA00138D43 /* final projectTests */,
				3C5228EC245F8BAA00138D43 /* final projectUITests */,
				3C5228C9245F8BA000138D43 /* Products */,
			);
			sourceTree = "<group>";
		};
		3C5228C9245F8BA000138D43 /* Products */ = {
			isa = PBXGroup;
			children = (
				3C5228C8245F8B9F00138D43 /* final project.app */,
				3C5228DE245F8BAA00138D43 /* final projectTests.xctest */,
				3C5228E9245F8BAA00138D43 /* final projectUITests.xctest */,
			);
			name = Products;
			sourceTree = "<group>";
		};
		3C5228CA245F8BA000138D43 /* final project */ = {
			isa = PBXGroup;
			children = (
				3C5228CB245F8BA000138D43 /* AppDelegate.swift */,
				3C5228CD245F8BA000138D43 /* SceneDelegate.swift */,
				3C5228CF245F8BA000138D43 /* ViewController.swift */,
				3C5228D1245F8BA000138D43 /* Main.storyboard */,
				3C5228D4245F8BA900138D43 /* Assets.xcassets */,
				3C5228D6245F8BA900138D43 /* LaunchScreen.storyboard */,
				3C5228D9245F8BA900138D43 /* Info.plist */,
			);
			path = "final project";
			sourceTree = "<group>";
		};
		3C5228E1245F8BAA00138D43 /* final projectTests */ = {
			isa = PBXGroup;
			children = (
				3C5228E2245F8BAA00138D43 /* final_projectTests.swift */,
				3C5228E4245F8BAA00138D43 /* Info.plist */,
			);
			path = "final projectTests";
			sourceTree = "<group>";
		};
		3C5228EC245F8BAA00138D43 /* final projectUITests */ = {
			isa = PBXGroup;
			children = (
				3C5228ED245F8BAA00138D43 /* final_projectUITests.swift */,
				3C5228EF245F8BAA00138D43 /* Info.plist */,
			);
			path = "final projectUITests";
			sourceTree = "<group>";
		};
/* End PBXGroup section */

/* Begin PBXNativeTarget section */
		3C5228C7245F8B9F00138D43 /* final project */ = {
			isa = PBXNativeTarget;
			buildConfigurationList = 3C5228F2245F8BAA00138D43 /* Build configuration list for PBXNativeTarget "final project" */;
			buildPhases = (
				3C5228C4245F8B9F00138D43 /* Sources */,
				3C5228C5245F8B9F00138D43 /* Frameworks */,
				3C5228C6245F8B9F00138D43 /* Resources */,
			);
			buildRules = (
			);
			dependencies = (
			);
			name = "final project";
			productName = "final project";
			productReference = 3C5228C8245F8B9F00138D43 /* final project.app */;
			productType = "com.apple.product-type.application";
		};
		3C5228DD245F8BAA00138D43 /* final projectTests */ = {
			isa = PBXNativeTarget;
			buildConfigurationList = 3C5228F5245F8BAA00138D43 /* Build configuration list for PBXNativeTarget "final projectTests" */;
			buildPhases = (
				3C5228DA245F8BAA00138D43 /* Sources */,
				3C5228DB245F8BAA00138D43 /* Frameworks */,
				3C5228DC245F8BAA00138D43 /* Resources */,
			);
			buildRules = (
			);
			dependencies = (
				3C5228E0245F8BAA00138D43 /* PBXTargetDependency */,
			);
			name = "final projectTests";
			productName = "final projectTests";
			productReference = 3C5228DE245F8BAA00138D43 /* final projectTests.xctest */;
			productType = "com.apple.product-type.bundle.unit-test";
		};
		3C5228E8245F8BAA00138D43 /* final projectUITests */ = {
			isa = PBXNativeTarget;
			buildConfigurationList = 3C5228F8245F8BAA00138D43 /* Build configuration list for PBXNativeTarget "final projectUITests" */;
			buildPhases = (
				3C5228E5245F8BAA00138D43 /* Sources */,
				3C5228E6245F8BAA00138D43 /* Frameworks */,
				3C5228E7245F8BAA00138D43 /* Resources */,
			);
			buildRules = (
			);
			dependencies = (
				3C5228EB245F8BAA00138D43 /* PBXTargetDependency */,
			);
			name = "final projectUITests";
			productName = "final projectUITests";
			productReference = 3C5228E9245F8BAA00138D43 /* final projectUITests.xctest */;
			productType = "com.apple.product-type.bundle.ui-testing";
		};
/* End PBXNativeTarget section */

/* Begin PBXProject section */
		3C5228C0245F8B9F00138D43 /* Project object */ = {
			isa = PBXProject;
			attributes = {
				LastSwiftUpdateCheck = 1140;
				LastUpgradeCheck = 1140;
				ORGANIZATIONNAME = "dajere kyree newby";
				TargetAttributes = {
					3C5228C7245F8B9F00138D43 = {
						CreatedOnToolsVersion = 11.4.1;
					};
					3C5228DD245F8BAA00138D43 = {
						CreatedOnToolsVersion = 11.4.1;
						TestTargetID = 3C5228C7245F8B9F00138D43;
					};
					3C5228E8245F8BAA00138D43 = {
						CreatedOnToolsVersion = 11.4.1;
						TestTargetID = 3C5228C7245F8B9F00138D43;
					};
				};
			};
			buildConfigurationList = 3C5228C3245F8B9F00138D43 /* Build configuration list for PBXProject "final project" */;
			compatibilityVersion = "Xcode 9.3";
			developmentRegion = en;
			hasScannedForEncodings = 0;
			knownRegions = (
				en,
				Base,
			);
			mainGroup = 3C5228BF245F8B9F00138D43;
			productRefGroup = 3C5228C9245F8BA000138D43 /* Products */;
			projectDirPath = "";
			projectRoot = "";
			targets = (
				3C5228C7245F8B9F00138D43 /* final project */,
				3C5228DD245F8BAA00138D43 /* final projectTests */,
				3C5228E8245F8BAA00138D43 /* final projectUITests */,
			);
		};
/* End PBXProject section */

/* Begin PBXResourcesBuildPhase section */
		3C5228C6245F8B9F00138D43 /* Resources */ = {
			isa = PBXResourcesBuildPhase;
			buildActionMask = 2147483647;
			files = (
				3C5228D8245F8BA900138D43 /* LaunchScreen.storyboard in Resources */,
				3C5228D5245F8BA900138D43 /* Assets.xcassets in Resources */,
				3C5228D3245F8BA000138D43 /* Main.storyboard in Resources */,
			);
			runOnlyForDeploymentPostprocessing = 0;
		};
		3C5228DC245F8BAA00138D43 /* Resources */ = {
			isa = PBXResourcesBuildPhase;
			buildActionMask = 2147483647;
			files = (
			);
			runOnlyForDeploymentPostprocessing = 0;
		};
		3C5228E7245F8BAA00138D43 /* Resources */ = {
			isa = PBXResourcesBuildPhase;
			buildActionMask = 2147483647;
			files = (
			);
			runOnlyForDeploymentPostprocessing = 0;
		};
/* End PBXResourcesBuildPhase section */

/* Begin PBXSourcesBuildPhase section */
		3C5228C4245F8B9F00138D43 /* Sources */ = {
			isa = PBXSourcesBuildPhase;
			buildActionMask = 2147483647;
			files = (
				3C5228D0245F8BA000138D43 /* ViewController.swift in Sources */,
				3C5228CC245F8BA000138D43 /* AppDelegate.swift in Sources */,
				3C5228CE245F8BA000138D43 /* SceneDelegate.swift in Sources */,
			);
			runOnlyForDeploymentPostprocessing = 0;
		};
		3C5228DA245F8BAA00138D43 /* Sources */ = {
			isa = PBXSourcesBuildPhase;
			buildActionMask = 2147483647;
			files = (
				3C5228E3245F8BAA00138D43 /* final_projectTests.swift in Sources */,
			);
			runOnlyForDeploymentPostprocessing = 0;
		};
		3C5228E5245F8BAA00138D43 /* Sources */ = {
			isa = PBXSourcesBuildPhase;
			buildActionMask = 2147483647;
			files = (
				3C5228EE245F8BAA00138D43 /* final_projectUITests.swift in Sources */,
			);
			runOnlyForDeploymentPostprocessing = 0;
		};
/* End PBXSourcesBuildPhase section */

/* Begin PBXTargetDependency section */
		3C5228E0245F8BAA00138D43 /* PBXTargetDependency */ = {
			isa = PBXTargetDependency;
			target = 3C5228C7245F8B9F00138D43 /* final project */;
			targetProxy = 3C5228DF245F8BAA00138D43 /* PBXContainerItemProxy */;
		};
		3C5228EB245F8BAA00138D43 /* PBXTargetDependency */ = {
			isa = PBXTargetDependency;
			target = 3C5228C7245F8B9F00138D43 /* final project */;
			targetProxy = 3C5228EA245F8BAA00138D43 /* PBXContainerItemProxy */;
		};
/* End PBXTargetDependency section */

/* Begin PBXVariantGroup section */
		3C5228D1245F8BA000138D43 /* Main.storyboard */ = {
			isa = PBXVariantGroup;
			children = (
				3C5228D2245F8BA000138D43 /* Base */,
			);
			name = Main.storyboard;
			sourceTree = "<group>";
		};
		3C5228D6245F8BA900138D43 /* LaunchScreen.storyboard */ = {
			isa = PBXVariantGroup;
			children = (
				3C5228D7245F8BA900138D43 /* Base */,
			);
			name = LaunchScreen.storyboard;
			sourceTree = "<group>";
		};
/* End PBXVariantGroup section */

/* Begin XCBuildConfiguration section */
		3C5228F0245F8BAA00138D43 /* Debug */ = {
			isa = XCBuildConfiguration;
			buildSettings = {
				ALWAYS_SEARCH_USER_PATHS = NO;
				CLANG_ANALYZER_NONNULL = YES;
				CLANG_ANALYZER_NUMBER_OBJECT_CONVERSION = YES_AGGRESSIVE;
				CLANG_CXX_LANGUAGE_STANDARD = "gnu++14";
				CLANG_CXX_LIBRARY = "libc++";
				CLANG_ENABLE_MODULES = YES;
				CLANG_ENABLE_OBJC_ARC = YES;
				CLANG_ENABLE_OBJC_WEAK = YES;
				CLANG_WARN_BLOCK_CAPTURE_AUTORELEASING = YES;
				CLANG_WARN_BOOL_CONVERSION = YES;
				CLANG_WARN_COMMA = YES;
				CLANG_WARN_CONSTANT_CONVERSION = YES;
				CLANG_WARN_DEPRECATED_OBJC_IMPLEMENTATIONS = YES;
				CLANG_WARN_DIRECT_OBJC_ISA_USAGE = YES_ERROR;
				CLANG_WARN_DOCUMENTATION_COMMENTS = YES;
				CLANG_WARN_EMPTY_BODY = YES;
				CLANG_WARN_ENUM_CONVERSION = YES;
				CLANG_WARN_INFINITE_RECURSION = YES;
				CLANG_WARN_INT_CONVERSION = YES;
				CLANG_WARN_NON_LITERAL_NULL_CONVERSION = YES;
				CLANG_WARN_OBJC_IMPLICIT_RETAIN_SELF = YES;
				CLANG_WARN_OBJC_LITERAL_CONVERSION = YES;
				CLANG_WARN_OBJC_ROOT_CLASS = YES_ERROR;
				CLANG_WARN_RANGE_LOOP_ANALYSIS = YES;
				CLANG_WARN_STRICT_PROTOTYPES = YES;
				CLANG_WARN_SUSPICIOUS_MOVE = YES;
				CLANG_WARN_UNGUARDED_AVAILABILITY = YES_AGGRESSIVE;
				CLANG_WARN_UNREACHABLE_CODE = YES;
				CLANG_WARN__DUPLICATE_METHOD_MATCH = YES;
				COPY_PHASE_STRIP = NO;
				DEBUG_INFORMATION_FORMAT = dwarf;
				ENABLE_STRICT_OBJC_MSGSEND = YES;
				ENABLE_TESTABILITY = YES;
				GCC_C_LANGUAGE_STANDARD = gnu11;
				GCC_DYNAMIC_NO_PIC = NO;
				GCC_NO_COMMON_BLOCKS = YES;
				GCC_OPTIMIZATION_LEVEL = 0;
				GCC_PREPROCESSOR_DEFINITIONS = (
					"DEBUG=1",
					"$(inherited)",
				);
				GCC_WARN_64_TO_32_BIT_CONVERSION = YES;
				GCC_WARN_ABOUT_RETURN_TYPE = YES_ERROR;
				GCC_WARN_UNDECLARED_SELECTOR = YES;
				GCC_WARN_UNINITIALIZED_AUTOS = YES_AGGRESSIVE;
				GCC_WARN_UNUSED_FUNCTION = YES;
				GCC_WARN_UNUSED_VARIABLE = YES;
				IPHONEOS_DEPLOYMENT_TARGET = 13.4;
				MTL_ENABLE_DEBUG_INFO = INCLUDE_SOURCE;
				MTL_FAST_MATH = YES;
				ONLY_ACTIVE_ARCH = YES;
				SDKROOT = iphoneos;
				SWIFT_ACTIVE_COMPILATION_CONDITIONS = DEBUG;
				SWIFT_OPTIMIZATION_LEVEL = "-Onone";
			};
			name = Debug;
		};
		3C5228F1245F8BAA00138D43 /* Release */ = {
			isa = XCBuildConfiguration;
			buildSettings = {
				ALWAYS_SEARCH_USER_PATHS = NO;
				CLANG_ANALYZER_NONNULL = YES;
				CLANG_ANALYZER_NUMBER_OBJECT_CONVERSION = YES_AGGRESSIVE;
				CLANG_CXX_LANGUAGE_STANDARD = "gnu++14";
				CLANG_CXX_LIBRARY = "libc++";
				CLANG_ENABLE_MODULES = YES;
				CLANG_ENABLE_OBJC_ARC = YES;
				CLANG_ENABLE_OBJC_WEAK = YES;
				CLANG_WARN_BLOCK_CAPTURE_AUTORELEASING = YES;
				CLANG_WARN_BOOL_CONVERSION = YES;
				CLANG_WARN_COMMA = YES;
				CLANG_WARN_CONSTANT_CONVERSION = YES;
				CLANG_WARN_DEPRECATED_OBJC_IMPLEMENTATIONS = YES;
				CLANG_WARN_DIRECT_OBJC_ISA_USAGE = YES_ERROR;
				CLANG_WARN_DOCUMENTATION_COMMENTS = YES;
				CLANG_WARN_EMPTY_BODY = YES;
				CLANG_WARN_ENUM_CONVERSION = YES;
				CLANG_WARN_INFINITE_RECURSION = YES;
				CLANG_WARN_INT_CONVERSION = YES;
				CLANG_WARN_NON_LITERAL_NULL_CONVERSION = YES;
				CLANG_WARN_OBJC_IMPLICIT_RETAIN_SELF = YES;
				CLANG_WARN_OBJC_LITERAL_CONVERSION = YES;
				CLANG_WARN_OBJC_ROOT_CLASS = YES_ERROR;
				CLANG_WARN_RANGE_LOOP_ANALYSIS = YES;
				CLANG_WARN_STRICT_PROTOTYPES = YES;
				CLANG_WARN_SUSPICIOUS_MOVE = YES;
				CLANG_WARN_UNGUARDED_AVAILABILITY = YES_AGGRESSIVE;
				CLANG_WARN_UNREACHABLE_CODE = YES;
				CLANG_WARN__DUPLICATE_METHOD_MATCH = YES;
				COPY_PHASE_STRIP = NO;
				DEBUG_INFORMATION_FORMAT = "dwarf-with-dsym";
				ENABLE_NS_ASSERTIONS = NO;
				ENABLE_STRICT_OBJC_MSGSEND = YES;
				GCC_C_LANGUAGE_STANDARD = gnu11;
				GCC_NO_COMMON_BLOCKS = YES;
				GCC_WARN_64_TO_32_BIT_CONVERSION = YES;
				GCC_WARN_ABOUT_RETURN_TYPE = YES_ERROR;
				GCC_WARN_UNDECLARED_SELECTOR = YES;
				GCC_WARN_UNINITIALIZED_AUTOS = YES_AGGRESSIVE;
				GCC_WARN_UNUSED_FUNCTION = YES;
				GCC_WARN_UNUSED_VARIABLE = YES;
				IPHONEOS_DEPLOYMENT_TARGET = 13.4;
				MTL_ENABLE_DEBUG_INFO = NO;
				MTL_FAST_MATH = YES;
				SDKROOT = iphoneos;
				SWIFT_COMPILATION_MODE = wholemodule;
				SWIFT_OPTIMIZATION_LEVEL = "-O";
				VALIDATE_PRODUCT = YES;
			};
			name = Release;
		};
		3C5228F3245F8BAA00138D43 /* Debug */ = {
			isa = XCBuildConfiguration;
			buildSettings = {
				ASSETCATALOG_COMPILER_APPICON_NAME = AppIcon;
				CODE_SIGN_STYLE = Automatic;
				DEVELOPMENT_TEAM = 5T66U63575;
				INFOPLIST_FILE = "final project/Info.plist";
				LD_RUNPATH_SEARCH_PATHS = (
					"$(inherited)",
					"@executable_path/Frameworks",
				);
				PRODUCT_BUNDLE_IDENTIFIER = "dajere.final-project";
				PRODUCT_NAME = "$(TARGET_NAME)";
				SWIFT_VERSION = 5.0;
				TARGETED_DEVICE_FAMILY = "1,2";
			};
			name = Debug;
		};
		3C5228F4245F8BAA00138D43 /* Release */ = {
			isa = XCBuildConfiguration;
			buildSettings = {
				ASSETCATALOG_COMPILER_APPICON_NAME = AppIcon;
				CODE_SIGN_STYLE = Automatic;
				DEVELOPMENT_TEAM = 5T66U63575;
				INFOPLIST_FILE = "final project/Info.plist";
				LD_RUNPATH_SEARCH_PATHS = (
					"$(inherited)",
					"@executable_path/Frameworks",
				);
				PRODUCT_BUNDLE_IDENTIFIER = "dajere.final-project";
				PRODUCT_NAME = "$(TARGET_NAME)";
				SWIFT_VERSION = 5.0;
				TARGETED_DEVICE_FAMILY = "1,2";
			};
			name = Release;
		};
		3C5228F6245F8BAA00138D43 /* Debug */ = {
			isa = XCBuildConfiguration;
			buildSettings = {
				ALWAYS_EMBED_SWIFT_STANDARD_LIBRARIES = YES;
				BUNDLE_LOADER = "$(TEST_HOST)";
				CODE_SIGN_STYLE = Automatic;
				DEVELOPMENT_TEAM = 5T66U63575;
				INFOPLIST_FILE = "final projectTests/Info.plist";
				IPHONEOS_DEPLOYMENT_TARGET = 13.4;
				LD_RUNPATH_SEARCH_PATHS = (
					"$(inherited)",
					"@executable_path/Frameworks",
					"@loader_path/Frameworks",
				);
				PRODUCT_BUNDLE_IDENTIFIER = "dajere.final-projectTests";
				PRODUCT_NAME = "$(TARGET_NAME)";
				SWIFT_VERSION = 5.0;
				TARGETED_DEVICE_FAMILY = "1,2";
				TEST_HOST = "$(BUILT_PRODUCTS_DIR)/final project.app/final project";
			};
			name = Debug;
		};
		3C5228F7245F8BAA00138D43 /* Release */ = {
			isa = XCBuildConfiguration;
			buildSettings = {
				ALWAYS_EMBED_SWIFT_STANDARD_LIBRARIES = YES;
				BUNDLE_LOADER = "$(TEST_HOST)";
				CODE_SIGN_STYLE = Automatic;
				DEVELOPMENT_TEAM = 5T66U63575;
				INFOPLIST_FILE = "final projectTests/Info.plist";
				IPHONEOS_DEPLOYMENT_TARGET = 13.4;
				LD_RUNPATH_SEARCH_PATHS = (
					"$(inherited)",
					"@executable_path/Frameworks",
					"@loader_path/Frameworks",
				);
				PRODUCT_BUNDLE_IDENTIFIER = "dajere.final-projectTests";
				PRODUCT_NAME = "$(TARGET_NAME)";
				SWIFT_VERSION = 5.0;
				TARGETED_DEVICE_FAMILY = "1,2";
				TEST_HOST = "$(BUILT_PRODUCTS_DIR)/final project.app/final project";
			};
			name = Release;
		};
		3C5228F9245F8BAA00138D43 /* Debug */ = {
			isa = XCBuildConfiguration;
			buildSettings = {
				ALWAYS_EMBED_SWIFT_STANDARD_LIBRARIES = YES;
				CODE_SIGN_STYLE = Automatic;
				DEVELOPMENT_TEAM = 5T66U63575;
				INFOPLIST_FILE = "final projectUITests/Info.plist";
				LD_RUNPATH_SEARCH_PATHS = (
					"$(inherited)",
					"@executable_path/Frameworks",
					"@loader_path/Frameworks",
				);
				PRODUCT_BUNDLE_IDENTIFIER = "dajere.final-projectUITests";
				PRODUCT_NAME = "$(TARGET_NAME)";
				SWIFT_VERSION = 5.0;
				TARGETED_DEVICE_FAMILY = "1,2";
				TEST_TARGET_NAME = "final project";
			};
			name = Debug;
		};
		3C5228FA245F8BAA00138D43 /* Release */ = {
			isa = XCBuildConfiguration;
			buildSettings = {
				ALWAYS_EMBED_SWIFT_STANDARD_LIBRARIES = YES;
				CODE_SIGN_STYLE = Automatic;
				DEVELOPMENT_TEAM = 5T66U63575;
				INFOPLIST_FILE = "final projectUITests/Info.plist";
				LD_RUNPATH_SEARCH_PATHS = (
					"$(inherited)",
					"@executable_path/Frameworks",
					"@loader_path/Frameworks",
				);
				PRODUCT_BUNDLE_IDENTIFIER = "dajere.final-projectUITests";
				PRODUCT_NAME = "$(TARGET_NAME)";
				SWIFT_VERSION = 5.0;
				TARGETED_DEVICE_FAMILY = "1,2";
				TEST_TARGET_NAME = "final project";
			};
			name = Release;
		};
/* End XCBuildConfiguration section */

/* Begin XCConfigurationList section */
		3C5228C3245F8B9F00138D43 /* Build configuration list for PBXProject "final project" */ = {
			isa = XCConfigurationList;
			buildConfigurations = (
				3C5228F0245F8BAA00138D43 /* Debug */,
				3C5228F1245F8BAA00138D43 /* Release */,
			);
			defaultConfigurationIsVisible = 0;
			defaultConfigurationName = Release;
		};
		3C5228F2245F8BAA00138D43 /* Build configuration list for PBXNativeTarget "final project" */ = {
			isa = XCConfigurationList;
			buildConfigurations = (
				3C5228F3245F8BAA00138D43 /* Debug */,
				3C5228F4245F8BAA00138D43 /* Release */,
			);
			defaultConfigurationIsVisible = 0;
			defaultConfigurationName = Release;
		};
		3C5228F5245F8BAA00138D43 /* Build configuration list for PBXNativeTarget "final projectTests" */ = {
			isa = XCConfigurationList;
			buildConfigurations = (
				3C5228F6245F8BAA00138D43 /* Debug */,
				3C5228F7245F8BAA00138D43 /* Release */,
			);
			defaultConfigurationIsVisible = 0;
			defaultConfigurationName = Release;
		};
		3C5228F8245F8BAA00138D43 /* Build configuration list for PBXNativeTarget "final projectUITests" */ = {
			isa = XCConfigurationList;
			buildConfigurations = (
				3C5228F9245F8BAA00138D43 /* Debug */,
				3C5228FA245F8BAA00138D43 /* Release */,
			);
			defaultConfigurationIsVisible = 0;
			defaultConfigurationName = Release;
		};
/* End XCConfigurationList section */
	};
	rootObject = 3C5228C0245F8B9F00138D43 /* Project object */;
}
