// !$*UTF8*$!
{
	archiveVersion = 1;
	classes = {
	};
	objectVersion = 50;
	objects = {

/* Begin PBXBuildFile section */
		3C5864B323E9D3DA0069B368 /* AppDelegate.swift in Sources */ = {isa = PBXBuildFile; fileRef = 3C5864B223E9D3DA0069B368 /* AppDelegate.swift */; };
		3C5864B523E9D3DA0069B368 /* SceneDelegate.swift in Sources */ = {isa = PBXBuildFile; fileRef = 3C5864B423E9D3DA0069B368 /* SceneDelegate.swift */; };
		3C5864B723E9D3DA0069B368 /* ViewController.swift in Sources */ = {isa = PBXBuildFile; fileRef = 3C5864B623E9D3DA0069B368 /* ViewController.swift */; };
		3C5864BA23E9D3DA0069B368 /* Main.storyboard in Resources */ = {isa = PBXBuildFile; fileRef = 3C5864B823E9D3DA0069B368 /* Main.storyboard */; };
		3C5864BC23E9D3E00069B368 /* Assets.xcassets in Resources */ = {isa = PBXBuildFile; fileRef = 3C5864BB23E9D3E00069B368 /* Assets.xcassets */; };
		3C5864BF23E9D3E00069B368 /* LaunchScreen.storyboard in Resources */ = {isa = PBXBuildFile; fileRef = 3C5864BD23E9D3E00069B368 /* LaunchScreen.storyboard */; };
		3C5864CA23E9D3E00069B368 /* homeworkTests.swift in Sources */ = {isa = PBXBuildFile; fileRef = 3C5864C923E9D3E00069B368 /* homeworkTests.swift */; };
		3C5864D523E9D3E00069B368 /* homeworkUITests.swift in Sources */ = {isa = PBXBuildFile; fileRef = 3C5864D423E9D3E00069B368 /* homeworkUITests.swift */; };
/* End PBXBuildFile section */

/* Begin PBXContainerItemProxy section */
		3C5864C623E9D3E00069B368 /* PBXContainerItemProxy */ = {
			isa = PBXContainerItemProxy;
			containerPortal = 3C5864A723E9D3DA0069B368 /* Project object */;
			proxyType = 1;
			remoteGlobalIDString = 3C5864AE23E9D3DA0069B368;
			remoteInfo = homework;
		};
		3C5864D123E9D3E00069B368 /* PBXContainerItemProxy */ = {
			isa = PBXContainerItemProxy;
			containerPortal = 3C5864A723E9D3DA0069B368 /* Project object */;
			proxyType = 1;
			remoteGlobalIDString = 3C5864AE23E9D3DA0069B368;
			remoteInfo = homework;
		};
/* End PBXContainerItemProxy section */

/* Begin PBXFileReference section */
		3C5864AF23E9D3DA0069B368 /* homework.app */ = {isa = PBXFileReference; explicitFileType = wrapper.application; includeInIndex = 0; path = homework.app; sourceTree = BUILT_PRODUCTS_DIR; };
		3C5864B223E9D3DA0069B368 /* AppDelegate.swift */ = {isa = PBXFileReference; lastKnownFileType = sourcecode.swift; path = AppDelegate.swift; sourceTree = "<group>"; };
		3C5864B423E9D3DA0069B368 /* SceneDelegate.swift */ = {isa = PBXFileReference; lastKnownFileType = sourcecode.swift; path = SceneDelegate.swift; sourceTree = "<group>"; };
		3C5864B623E9D3DA0069B368 /* ViewController.swift */ = {isa = PBXFileReference; lastKnownFileType = sourcecode.swift; path = ViewController.swift; sourceTree = "<group>"; };
		3C5864B923E9D3DA0069B368 /* Base */ = {isa = PBXFileReference; lastKnownFileType = file.storyboard; name = Base; path = Base.lproj/Main.storyboard; sourceTree = "<group>"; };
		3C5864BB23E9D3E00069B368 /* Assets.xcassets */ = {isa = PBXFileReference; lastKnownFileType = folder.assetcatalog; path = Assets.xcassets; sourceTree = "<group>"; };
		3C5864BE23E9D3E00069B368 /* Base */ = {isa = PBXFileReference; lastKnownFileType = file.storyboard; name = Base; path = Base.lproj/LaunchScreen.storyboard; sourceTree = "<group>"; };
		3C5864C023E9D3E00069B368 /* Info.plist */ = {isa = PBXFileReference; lastKnownFileType = text.plist.xml; path = Info.plist; sourceTree = "<group>"; };
		3C5864C523E9D3E00069B368 /* homeworkTests.xctest */ = {isa = PBXFileReference; explicitFileType = wrapper.cfbundle; includeInIndex = 0; path = homeworkTests.xctest; sourceTree = BUILT_PRODUCTS_DIR; };
		3C5864C923E9D3E00069B368 /* homeworkTests.swift */ = {isa = PBXFileReference; lastKnownFileType = sourcecode.swift; path = homeworkTests.swift; sourceTree = "<group>"; };
		3C5864CB23E9D3E00069B368 /* Info.plist */ = {isa = PBXFileReference; lastKnownFileType = text.plist.xml; path = Info.plist; sourceTree = "<group>"; };
		3C5864D023E9D3E00069B368 /* homeworkUITests.xctest */ = {isa = PBXFileReference; explicitFileType = wrapper.cfbundle; includeInIndex = 0; path = homeworkUITests.xctest; sourceTree = BUILT_PRODUCTS_DIR; };
		3C5864D423E9D3E00069B368 /* homeworkUITests.swift */ = {isa = PBXFileReference; lastKnownFileType = sourcecode.swift; path = homeworkUITests.swift; sourceTree = "<group>"; };
		3C5864D623E9D3E00069B368 /* Info.plist */ = {isa = PBXFileReference; lastKnownFileType = text.plist.xml; path = Info.plist; sourceTree = "<group>"; };
/* End PBXFileReference section */

/* Begin PBXFrameworksBuildPhase section */
		3C5864AC23E9D3DA0069B368 /* Frameworks */ = {
			isa = PBXFrameworksBuildPhase;
			buildActionMask = 2147483647;
			files = (
			);
			runOnlyForDeploymentPostprocessing = 0;
		};
		3C5864C223E9D3E00069B368 /* Frameworks */ = {
			isa = PBXFrameworksBuildPhase;
			buildActionMask = 2147483647;
			files = (
			);
			runOnlyForDeploymentPostprocessing = 0;
		};
		3C5864CD23E9D3E00069B368 /* Frameworks */ = {
			isa = PBXFrameworksBuildPhase;
			buildActionMask = 2147483647;
			files = (
			);
			runOnlyForDeploymentPostprocessing = 0;
		};
/* End PBXFrameworksBuildPhase section */

/* Begin PBXGroup section */
		3C5864A623E9D3DA0069B368 = {
			isa = PBXGroup;
			children = (
				3C5864B123E9D3DA0069B368 /* homework */,
				3C5864C823E9D3E00069B368 /* homeworkTests */,
				3C5864D323E9D3E00069B368 /* homeworkUITests */,
				3C5864B023E9D3DA0069B368 /* Products */,
			);
			sourceTree = "<group>";
		};
		3C5864B023E9D3DA0069B368 /* Products */ = {
			isa = PBXGroup;
			children = (
				3C5864AF23E9D3DA0069B368 /* homework.app */,
				3C5864C523E9D3E00069B368 /* homeworkTests.xctest */,
				3C5864D023E9D3E00069B368 /* homeworkUITests.xctest */,
			);
			name = Products;
			sourceTree = "<group>";
		};
		3C5864B123E9D3DA0069B368 /* homework */ = {
			isa = PBXGroup;
			children = (
				3C5864B223E9D3DA0069B368 /* AppDelegate.swift */,
				3C5864B423E9D3DA0069B368 /* SceneDelegate.swift */,
				3C5864B623E9D3DA0069B368 /* ViewController.swift */,
				3C5864B823E9D3DA0069B368 /* Main.storyboard */,
				3C5864BB23E9D3E00069B368 /* Assets.xcassets */,
				3C5864BD23E9D3E00069B368 /* LaunchScreen.storyboard */,
				3C5864C023E9D3E00069B368 /* Info.plist */,
			);
			path = homework;
			sourceTree = "<group>";
		};
		3C5864C823E9D3E00069B368 /* homeworkTests */ = {
			isa = PBXGroup;
			children = (
				3C5864C923E9D3E00069B368 /* homeworkTests.swift */,
				3C5864CB23E9D3E00069B368 /* Info.plist */,
			);
			path = homeworkTests;
			sourceTree = "<group>";
		};
		3C5864D323E9D3E00069B368 /* homeworkUITests */ = {
			isa = PBXGroup;
			children = (
				3C5864D423E9D3E00069B368 /* homeworkUITests.swift */,
				3C5864D623E9D3E00069B368 /* Info.plist */,
			);
			path = homeworkUITests;
			sourceTree = "<group>";
		};
/* End PBXGroup section */

/* Begin PBXNativeTarget section */
		3C5864AE23E9D3DA0069B368 /* homework */ = {
			isa = PBXNativeTarget;
			buildConfigurationList = 3C5864D923E9D3E00069B368 /* Build configuration list for PBXNativeTarget "homework" */;
			buildPhases = (
				3C5864AB23E9D3DA0069B368 /* Sources */,
				3C5864AC23E9D3DA0069B368 /* Frameworks */,
				3C5864AD23E9D3DA0069B368 /* Resources */,
			);
			buildRules = (
			);
			dependencies = (
			);
			name = homework;
			productName = homework;
			productReference = 3C5864AF23E9D3DA0069B368 /* homework.app */;
			productType = "com.apple.product-type.application";
		};
		3C5864C423E9D3E00069B368 /* homeworkTests */ = {
			isa = PBXNativeTarget;
			buildConfigurationList = 3C5864DC23E9D3E00069B368 /* Build configuration list for PBXNativeTarget "homeworkTests" */;
			buildPhases = (
				3C5864C123E9D3E00069B368 /* Sources */,
				3C5864C223E9D3E00069B368 /* Frameworks */,
				3C5864C323E9D3E00069B368 /* Resources */,
			);
			buildRules = (
			);
			dependencies = (
				3C5864C723E9D3E00069B368 /* PBXTargetDependency */,
			);
			name = homeworkTests;
			productName = homeworkTests;
			productReference = 3C5864C523E9D3E00069B368 /* homeworkTests.xctest */;
			productType = "com.apple.product-type.bundle.unit-test";
		};
		3C5864CF23E9D3E00069B368 /* homeworkUITests */ = {
			isa = PBXNativeTarget;
			buildConfigurationList = 3C5864DF23E9D3E00069B368 /* Build configuration list for PBXNativeTarget "homeworkUITests" */;
			buildPhases = (
				3C5864CC23E9D3E00069B368 /* Sources */,
				3C5864CD23E9D3E00069B368 /* Frameworks */,
				3C5864CE23E9D3E00069B368 /* Resources */,
			);
			buildRules = (
			);
			dependencies = (
				3C5864D223E9D3E00069B368 /* PBXTargetDependency */,
			);
			name = homeworkUITests;
			productName = homeworkUITests;
			productReference = 3C5864D023E9D3E00069B368 /* homeworkUITests.xctest */;
			productType = "com.apple.product-type.bundle.ui-testing";
		};
/* End PBXNativeTarget section */

/* Begin PBXProject section */
		3C5864A723E9D3DA0069B368 /* Project object */ = {
			isa = PBXProject;
			attributes = {
				LastSwiftUpdateCheck = 1130;
				LastUpgradeCheck = 1130;
				ORGANIZATIONNAME = "dajere kyree newby";
				TargetAttributes = {
					3C5864AE23E9D3DA0069B368 = {
						CreatedOnToolsVersion = 11.3.1;
					};
					3C5864C423E9D3E00069B368 = {
						CreatedOnToolsVersion = 11.3.1;
						TestTargetID = 3C5864AE23E9D3DA0069B368;
					};
					3C5864CF23E9D3E00069B368 = {
						CreatedOnToolsVersion = 11.3.1;
						TestTargetID = 3C5864AE23E9D3DA0069B368;
					};
				};
			};
			buildConfigurationList = 3C5864AA23E9D3DA0069B368 /* Build configuration list for PBXProject "homework" */;
			compatibilityVersion = "Xcode 9.3";
			developmentRegion = en;
			hasScannedForEncodings = 0;
			knownRegions = (
				en,
				Base,
			);
			mainGroup = 3C5864A623E9D3DA0069B368;
			productRefGroup = 3C5864B023E9D3DA0069B368 /* Products */;
			projectDirPath = "";
			projectRoot = "";
			targets = (
				3C5864AE23E9D3DA0069B368 /* homework */,
				3C5864C423E9D3E00069B368 /* homeworkTests */,
				3C5864CF23E9D3E00069B368 /* homeworkUITests */,
			);
		};
/* End PBXProject section */

/* Begin PBXResourcesBuildPhase section */
		3C5864AD23E9D3DA0069B368 /* Resources */ = {
			isa = PBXResourcesBuildPhase;
			buildActionMask = 2147483647;
			files = (
				3C5864BF23E9D3E00069B368 /* LaunchScreen.storyboard in Resources */,
				3C5864BC23E9D3E00069B368 /* Assets.xcassets in Resources */,
				3C5864BA23E9D3DA0069B368 /* Main.storyboard in Resources */,
			);
			runOnlyForDeploymentPostprocessing = 0;
		};
		3C5864C323E9D3E00069B368 /* Resources */ = {
			isa = PBXResourcesBuildPhase;
			buildActionMask = 2147483647;
			files = (
			);
			runOnlyForDeploymentPostprocessing = 0;
		};
		3C5864CE23E9D3E00069B368 /* Resources */ = {
			isa = PBXResourcesBuildPhase;
			buildActionMask = 2147483647;
			files = (
			);
			runOnlyForDeploymentPostprocessing = 0;
		};
/* End PBXResourcesBuildPhase section */

/* Begin PBXSourcesBuildPhase section */
		3C5864AB23E9D3DA0069B368 /* Sources */ = {
			isa = PBXSourcesBuildPhase;
			buildActionMask = 2147483647;
			files = (
				3C5864B723E9D3DA0069B368 /* ViewController.swift in Sources */,
				3C5864B323E9D3DA0069B368 /* AppDelegate.swift in Sources */,
				3C5864B523E9D3DA0069B368 /* SceneDelegate.swift in Sources */,
			);
			runOnlyForDeploymentPostprocessing = 0;
		};
		3C5864C123E9D3E00069B368 /* Sources */ = {
			isa = PBXSourcesBuildPhase;
			buildActionMask = 2147483647;
			files = (
				3C5864CA23E9D3E00069B368 /* homeworkTests.swift in Sources */,
			);
			runOnlyForDeploymentPostprocessing = 0;
		};
		3C5864CC23E9D3E00069B368 /* Sources */ = {
			isa = PBXSourcesBuildPhase;
			buildActionMask = 2147483647;
			files = (
				3C5864D523E9D3E00069B368 /* homeworkUITests.swift in Sources */,
			);
			runOnlyForDeploymentPostprocessing = 0;
		};
/* End PBXSourcesBuildPhase section */

/* Begin PBXTargetDependency section */
		3C5864C723E9D3E00069B368 /* PBXTargetDependency */ = {
			isa = PBXTargetDependency;
			target = 3C5864AE23E9D3DA0069B368 /* homework */;
			targetProxy = 3C5864C623E9D3E00069B368 /* PBXContainerItemProxy */;
		};
		3C5864D223E9D3E00069B368 /* PBXTargetDependency */ = {
			isa = PBXTargetDependency;
			target = 3C5864AE23E9D3DA0069B368 /* homework */;
			targetProxy = 3C5864D123E9D3E00069B368 /* PBXContainerItemProxy */;
		};
/* End PBXTargetDependency section */

/* Begin PBXVariantGroup section */
		3C5864B823E9D3DA0069B368 /* Main.storyboard */ = {
			isa = PBXVariantGroup;
			children = (
				3C5864B923E9D3DA0069B368 /* Base */,
			);
			name = Main.storyboard;
			sourceTree = "<group>";
		};
		3C5864BD23E9D3E00069B368 /* LaunchScreen.storyboard */ = {
			isa = PBXVariantGroup;
			children = (
				3C5864BE23E9D3E00069B368 /* Base */,
			);
			name = LaunchScreen.storyboard;
			sourceTree = "<group>";
		};
/* End PBXVariantGroup section */

/* Begin XCBuildConfiguration section */
		3C5864D723E9D3E00069B368 /* Debug */ = {
			isa = XCBuildConfiguration;
			buildSettings = {
				ALWAYS_SEARCH_USER_PATHS = NO;
				CLANG_ANALYZER_NONNULL = YES;
				CLANG_ANALYZER_NUMBER_OBJECT_CONVERSION = YES_AGGRESSIVE;
				CLANG_CXX_LANGUAGE_STANDARD = "gnu++14";
				CLANG_CXX_LIBRARY = "libc++";
				CLANG_ENABLE_MODULES = YES;
				CLANG_ENABLE_OBJC_ARC = YES;
				CLANG_ENABLE_OBJC_WEAK = YES;
				CLANG_WARN_BLOCK_CAPTURE_AUTORELEASING = YES;
				CLANG_WARN_BOOL_CONVERSION = YES;
				CLANG_WARN_COMMA = YES;
				CLANG_WARN_CONSTANT_CONVERSION = YES;
				CLANG_WARN_DEPRECATED_OBJC_IMPLEMENTATIONS = YES;
				CLANG_WARN_DIRECT_OBJC_ISA_USAGE = YES_ERROR;
				CLANG_WARN_DOCUMENTATION_COMMENTS = YES;
				CLANG_WARN_EMPTY_BODY = YES;
				CLANG_WARN_ENUM_CONVERSION = YES;
				CLANG_WARN_INFINITE_RECURSION = YES;
				CLANG_WARN_INT_CONVERSION = YES;
				CLANG_WARN_NON_LITERAL_NULL_CONVERSION = YES;
				CLANG_WARN_OBJC_IMPLICIT_RETAIN_SELF = YES;
				CLANG_WARN_OBJC_LITERAL_CONVERSION = YES;
				CLANG_WARN_OBJC_ROOT_CLASS = YES_ERROR;
				CLANG_WARN_RANGE_LOOP_ANALYSIS = YES;
				CLANG_WARN_STRICT_PROTOTYPES = YES;
				CLANG_WARN_SUSPICIOUS_MOVE = YES;
				CLANG_WARN_UNGUARDED_AVAILABILITY = YES_AGGRESSIVE;
				CLANG_WARN_UNREACHABLE_CODE = YES;
				CLANG_WARN__DUPLICATE_METHOD_MATCH = YES;
				COPY_PHASE_STRIP = NO;
				DEBUG_INFORMATION_FORMAT = dwarf;
				ENABLE_STRICT_OBJC_MSGSEND = YES;
				ENABLE_TESTABILITY = YES;
				GCC_C_LANGUAGE_STANDARD = gnu11;
				GCC_DYNAMIC_NO_PIC = NO;
				GCC_NO_COMMON_BLOCKS = YES;
				GCC_OPTIMIZATION_LEVEL = 0;
				GCC_PREPROCESSOR_DEFINITIONS = (
					"DEBUG=1",
					"$(inherited)",
				);
				GCC_WARN_64_TO_32_BIT_CONVERSION = YES;
				GCC_WARN_ABOUT_RETURN_TYPE = YES_ERROR;
				GCC_WARN_UNDECLARED_SELECTOR = YES;
				GCC_WARN_UNINITIALIZED_AUTOS = YES_AGGRESSIVE;
				GCC_WARN_UNUSED_FUNCTION = YES;
				GCC_WARN_UNUSED_VARIABLE = YES;
				IPHONEOS_DEPLOYMENT_TARGET = 13.2;
				MTL_ENABLE_DEBUG_INFO = INCLUDE_SOURCE;
				MTL_FAST_MATH = YES;
				ONLY_ACTIVE_ARCH = YES;
				SDKROOT = iphoneos;
				SWIFT_ACTIVE_COMPILATION_CONDITIONS = DEBUG;
				SWIFT_OPTIMIZATION_LEVEL = "-Onone";
			};
			name = Debug;
		};
		3C5864D823E9D3E00069B368 /* Release */ = {
			isa = XCBuildConfiguration;
			buildSettings = {
				ALWAYS_SEARCH_USER_PATHS = NO;
				CLANG_ANALYZER_NONNULL = YES;
				CLANG_ANALYZER_NUMBER_OBJECT_CONVERSION = YES_AGGRESSIVE;
				CLANG_CXX_LANGUAGE_STANDARD = "gnu++14";
				CLANG_CXX_LIBRARY = "libc++";
				CLANG_ENABLE_MODULES = YES;
				CLANG_ENABLE_OBJC_ARC = YES;
				CLANG_ENABLE_OBJC_WEAK = YES;
				CLANG_WARN_BLOCK_CAPTURE_AUTORELEASING = YES;
				CLANG_WARN_BOOL_CONVERSION = YES;
				CLANG_WARN_COMMA = YES;
				CLANG_WARN_CONSTANT_CONVERSION = YES;
				CLANG_WARN_DEPRECATED_OBJC_IMPLEMENTATIONS = YES;
				CLANG_WARN_DIRECT_OBJC_ISA_USAGE = YES_ERROR;
				CLANG_WARN_DOCUMENTATION_COMMENTS = YES;
				CLANG_WARN_EMPTY_BODY = YES;
				CLANG_WARN_ENUM_CONVERSION = YES;
				CLANG_WARN_INFINITE_RECURSION = YES;
				CLANG_WARN_INT_CONVERSION = YES;
				CLANG_WARN_NON_LITERAL_NULL_CONVERSION = YES;
				CLANG_WARN_OBJC_IMPLICIT_RETAIN_SELF = YES;
				CLANG_WARN_OBJC_LITERAL_CONVERSION = YES;
				CLANG_WARN_OBJC_ROOT_CLASS = YES_ERROR;
				CLANG_WARN_RANGE_LOOP_ANALYSIS = YES;
				CLANG_WARN_STRICT_PROTOTYPES = YES;
				CLANG_WARN_SUSPICIOUS_MOVE = YES;
				CLANG_WARN_UNGUARDED_AVAILABILITY = YES_AGGRESSIVE;
				CLANG_WARN_UNREACHABLE_CODE = YES;
				CLANG_WARN__DUPLICATE_METHOD_MATCH = YES;
				COPY_PHASE_STRIP = NO;
				DEBUG_INFORMATION_FORMAT = "dwarf-with-dsym";
				ENABLE_NS_ASSERTIONS = NO;
				ENABLE_STRICT_OBJC_MSGSEND = YES;
				GCC_C_LANGUAGE_STANDARD = gnu11;
				GCC_NO_COMMON_BLOCKS = YES;
				GCC_WARN_64_TO_32_BIT_CONVERSION = YES;
				GCC_WARN_ABOUT_RETURN_TYPE = YES_ERROR;
				GCC_WARN_UNDECLARED_SELECTOR = YES;
				GCC_WARN_UNINITIALIZED_AUTOS = YES_AGGRESSIVE;
				GCC_WARN_UNUSED_FUNCTION = YES;
				GCC_WARN_UNUSED_VARIABLE = YES;
				IPHONEOS_DEPLOYMENT_TARGET = 13.2;
				MTL_ENABLE_DEBUG_INFO = NO;
				MTL_FAST_MATH = YES;
				SDKROOT = iphoneos;
				SWIFT_COMPILATION_MODE = wholemodule;
				SWIFT_OPTIMIZATION_LEVEL = "-O";
				VALIDATE_PRODUCT = YES;
			};
			name = Release;
		};
		3C5864DA23E9D3E00069B368 /* Debug */ = {
			isa = XCBuildConfiguration;
			buildSettings = {
				ASSETCATALOG_COMPILER_APPICON_NAME = AppIcon;
				CODE_SIGN_STYLE = Automatic;
				DEVELOPMENT_TEAM = 5T66U63575;
				INFOPLIST_FILE = homework/Info.plist;
				LD_RUNPATH_SEARCH_PATHS = (
					"$(inherited)",
					"@executable_path/Frameworks",
				);
				PRODUCT_BUNDLE_IDENTIFIER = dajere.homework;
				PRODUCT_NAME = "$(TARGET_NAME)";
				SWIFT_VERSION = 5.0;
				TARGETED_DEVICE_FAMILY = "1,2";
			};
			name = Debug;
		};
		3C5864DB23E9D3E00069B368 /* Release */ = {
			isa = XCBuildConfiguration;
			buildSettings = {
				ASSETCATALOG_COMPILER_APPICON_NAME = AppIcon;
				CODE_SIGN_STYLE = Automatic;
				DEVELOPMENT_TEAM = 5T66U63575;
				INFOPLIST_FILE = homework/Info.plist;
				LD_RUNPATH_SEARCH_PATHS = (
					"$(inherited)",
					"@executable_path/Frameworks",
				);
				PRODUCT_BUNDLE_IDENTIFIER = dajere.homework;
				PRODUCT_NAME = "$(TARGET_NAME)";
				SWIFT_VERSION = 5.0;
				TARGETED_DEVICE_FAMILY = "1,2";
			};
			name = Release;
		};
		3C5864DD23E9D3E00069B368 /* Debug */ = {
			isa = XCBuildConfiguration;
			buildSettings = {
				ALWAYS_EMBED_SWIFT_STANDARD_LIBRARIES = YES;
				BUNDLE_LOADER = "$(TEST_HOST)";
				CODE_SIGN_STYLE = Automatic;
				DEVELOPMENT_TEAM = 5T66U63575;
				INFOPLIST_FILE = homeworkTests/Info.plist;
				IPHONEOS_DEPLOYMENT_TARGET = 13.2;
				LD_RUNPATH_SEARCH_PATHS = (
					"$(inherited)",
					"@executable_path/Frameworks",
					"@loader_path/Frameworks",
				);
				PRODUCT_BUNDLE_IDENTIFIER = dajere.homeworkTests;
				PRODUCT_NAME = "$(TARGET_NAME)";
				SWIFT_VERSION = 5.0;
				TARGETED_DEVICE_FAMILY = "1,2";
				TEST_HOST = "$(BUILT_PRODUCTS_DIR)/homework.app/homework";
			};
			name = Debug;
		};
		3C5864DE23E9D3E00069B368 /* Release */ = {
			isa = XCBuildConfiguration;
			buildSettings = {
				ALWAYS_EMBED_SWIFT_STANDARD_LIBRARIES = YES;
				BUNDLE_LOADER = "$(TEST_HOST)";
				CODE_SIGN_STYLE = Automatic;
				DEVELOPMENT_TEAM = 5T66U63575;
				INFOPLIST_FILE = homeworkTests/Info.plist;
				IPHONEOS_DEPLOYMENT_TARGET = 13.2;
				LD_RUNPATH_SEARCH_PATHS = (
					"$(inherited)",
					"@executable_path/Frameworks",
					"@loader_path/Frameworks",
				);
				PRODUCT_BUNDLE_IDENTIFIER = dajere.homeworkTests;
				PRODUCT_NAME = "$(TARGET_NAME)";
				SWIFT_VERSION = 5.0;
				TARGETED_DEVICE_FAMILY = "1,2";
				TEST_HOST = "$(BUILT_PRODUCTS_DIR)/homework.app/homework";
			};
			name = Release;
		};
		3C5864E023E9D3E00069B368 /* Debug */ = {
			isa = XCBuildConfiguration;
			buildSettings = {
				ALWAYS_EMBED_SWIFT_STANDARD_LIBRARIES = YES;
				CODE_SIGN_STYLE = Automatic;
				DEVELOPMENT_TEAM = 5T66U63575;
				INFOPLIST_FILE = homeworkUITests/Info.plist;
				LD_RUNPATH_SEARCH_PATHS = (
					"$(inherited)",
					"@executable_path/Frameworks",
					"@loader_path/Frameworks",
				);
				PRODUCT_BUNDLE_IDENTIFIER = dajere.homeworkUITests;
				PRODUCT_NAME = "$(TARGET_NAME)";
				SWIFT_VERSION = 5.0;
				TARGETED_DEVICE_FAMILY = "1,2";
				TEST_TARGET_NAME = homework;
			};
			name = Debug;
		};
		3C5864E123E9D3E00069B368 /* Release */ = {
			isa = XCBuildConfiguration;
			buildSettings = {
				ALWAYS_EMBED_SWIFT_STANDARD_LIBRARIES = YES;
				CODE_SIGN_STYLE = Automatic;
				DEVELOPMENT_TEAM = 5T66U63575;
				INFOPLIST_FILE = homeworkUITests/Info.plist;
				LD_RUNPATH_SEARCH_PATHS = (
					"$(inherited)",
					"@executable_path/Frameworks",
					"@loader_path/Frameworks",
				);
				PRODUCT_BUNDLE_IDENTIFIER = dajere.homeworkUITests;
				PRODUCT_NAME = "$(TARGET_NAME)";
				SWIFT_VERSION = 5.0;
				TARGETED_DEVICE_FAMILY = "1,2";
				TEST_TARGET_NAME = homework;
			};
			name = Release;
		};
/* End XCBuildConfiguration section */

/* Begin XCConfigurationList section */
		3C5864AA23E9D3DA0069B368 /* Build configuration list for PBXProject "homework" */ = {
			isa = XCConfigurationList;
			buildConfigurations = (
				3C5864D723E9D3E00069B368 /* Debug */,
				3C5864D823E9D3E00069B368 /* Release */,
			);
			defaultConfigurationIsVisible = 0;
			defaultConfigurationName = Release;
		};
		3C5864D923E9D3E00069B368 /* Build configuration list for PBXNativeTarget "homework" */ = {
			isa = XCConfigurationList;
			buildConfigurations = (
				3C5864DA23E9D3E00069B368 /* Debug */,
				3C5864DB23E9D3E00069B368 /* Release */,
			);
			defaultConfigurationIsVisible = 0;
			defaultConfigurationName = Release;
		};
		3C5864DC23E9D3E00069B368 /* Build configuration list for PBXNativeTarget "homeworkTests" */ = {
			isa = XCConfigurationList;
			buildConfigurations = (
				3C5864DD23E9D3E00069B368 /* Debug */,
				3C5864DE23E9D3E00069B368 /* Release */,
			);
			defaultConfigurationIsVisible = 0;
			defaultConfigurationName = Release;
		};
		3C5864DF23E9D3E00069B368 /* Build configuration list for PBXNativeTarget "homeworkUITests" */ = {
			isa = XCConfigurationList;
			buildConfigurations = (
				3C5864E023E9D3E00069B368 /* Debug */,
				3C5864E123E9D3E00069B368 /* Release */,
			);
			defaultConfigurationIsVisible = 0;
			defaultConfigurationName = Release;
		};
/* End XCConfigurationList section */
	};
	rootObject = 3C5864A723E9D3DA0069B368 /* Project object */;
}
